// !$*UTF8*$!
{
	archiveVersion = 1;
	classes = {
	};
	objectVersion = 56;
	objects = {

/* Begin PBXBuildFile section */
		C40920CB2B6030650089F99E /* WorkoutTableViewCell.swift in Sources */ = {isa = PBXBuildFile; fileRef = C40920CA2B6030650089F99E /* WorkoutTableViewCell.swift */; };
		C40920D12B6151640089F99E /* StartedRoutineViewController.swift in Sources */ = {isa = PBXBuildFile; fileRef = C40920D02B6151640089F99E /* StartedRoutineViewController.swift */; };
		C40920D32B6179D40089F99E /* StartedWorkoutTableViewCell.swift in Sources */ = {isa = PBXBuildFile; fileRef = C40920D22B6179D40089F99E /* StartedWorkoutTableViewCell.swift */; };
		C40920D52B6276110089F99E /* WorkoutInfoTableViewCell.swift in Sources */ = {isa = PBXBuildFile; fileRef = C40920D42B6276110089F99E /* WorkoutInfoTableViewCell.swift */; };
		C40A35F52B850E5000725C6B /* RoutineInfoViewController.swift in Sources */ = {isa = PBXBuildFile; fileRef = C40A35F42B850E5000725C6B /* RoutineInfoViewController.swift */; };
		C40A35F72B852C9500725C6B /* RoutineWorkoutTableViewCell.swift in Sources */ = {isa = PBXBuildFile; fileRef = C40A35F62B852C9500725C6B /* RoutineWorkoutTableViewCell.swift */; };
		C45D81442B961F9C00583B86 /* AlertExtension.swift in Sources */ = {isa = PBXBuildFile; fileRef = C45D81432B961F9C00583B86 /* AlertExtension.swift */; };
		C473B0962B63BF1300C34CC0 /* SaveWorkoutViewController.swift in Sources */ = {isa = PBXBuildFile; fileRef = C473B0952B63BF1300C34CC0 /* SaveWorkoutViewController.swift */; };
		C473B0982B63DEAD00C34CC0 /* SaveCollectionViewCell.swift in Sources */ = {isa = PBXBuildFile; fileRef = C473B0972B63DEAD00C34CC0 /* SaveCollectionViewCell.swift */; };
		C473B09E2B6685BF00C34CC0 /* UserManager.swift in Sources */ = {isa = PBXBuildFile; fileRef = C473B09D2B6685BF00C34CC0 /* UserManager.swift */; };
		C473B0A12B6A717700C34CC0 /* NiceJobView.swift in Sources */ = {isa = PBXBuildFile; fileRef = C473B0A02B6A717700C34CC0 /* NiceJobView.swift */; };
		C473B0A42B6A815400C34CC0 /* EffectsLibrary in Frameworks */ = {isa = PBXBuildFile; productRef = C473B0A32B6A815400C34CC0 /* EffectsLibrary */; };
		C473B0A72B6A871F00C34CC0 /* Vortex in Frameworks */ = {isa = PBXBuildFile; productRef = C473B0A62B6A871F00C34CC0 /* Vortex */; };
		C49624DA2B7662C9009159FD /* WorkoutSkeletonCell.swift in Sources */ = {isa = PBXBuildFile; fileRef = C49624D92B7662C9009159FD /* WorkoutSkeletonCell.swift */; };
		C49624DC2B7662E7009159FD /* SkeletonLoadable.swift in Sources */ = {isa = PBXBuildFile; fileRef = C49624DB2B7662E7009159FD /* SkeletonLoadable.swift */; };
		C49624DE2B766DFB009159FD /* ExerciseSkeletonCell.swift in Sources */ = {isa = PBXBuildFile; fileRef = C49624DD2B766DFB009159FD /* ExerciseSkeletonCell.swift */; };
		C49624E12B779D50009159FD /* NetworkingPackageRapid in Frameworks */ = {isa = PBXBuildFile; productRef = C49624E02B779D50009159FD /* NetworkingPackageRapid */; };
		C49624E42B77AEA0009159FD /* NutritionViewController.swift in Sources */ = {isa = PBXBuildFile; fileRef = C49624E32B77AEA0009159FD /* NutritionViewController.swift */; };
		C49624E62B78D6CD009159FD /* NutritionViewModel.swift in Sources */ = {isa = PBXBuildFile; fileRef = C49624E52B78D6CD009159FD /* NutritionViewModel.swift */; };
		C49624E82B78DD4F009159FD /* NutritionModel.swift in Sources */ = {isa = PBXBuildFile; fileRef = C49624E72B78DD4F009159FD /* NutritionModel.swift */; };
		C49624ED2B7A20CF009159FD /* ExploreRoutinesViewController.swift in Sources */ = {isa = PBXBuildFile; fileRef = C49624EC2B7A20CF009159FD /* ExploreRoutinesViewController.swift */; };
		C49624EF2B7A20DE009159FD /* ExploreRoutinesViewModel.swift in Sources */ = {isa = PBXBuildFile; fileRef = C49624EE2B7A20DE009159FD /* ExploreRoutinesViewModel.swift */; };
		C49624F12B7A218B009159FD /* ExploreTableViewCell.swift in Sources */ = {isa = PBXBuildFile; fileRef = C49624F02B7A218B009159FD /* ExploreTableViewCell.swift */; };
		C49624F62B7A5352009159FD /* HomeSharedViewModel.swift in Sources */ = {isa = PBXBuildFile; fileRef = C49624F52B7A5352009159FD /* HomeSharedViewModel.swift */; };
		C49624F92B7A55B6009159FD /* UserWorkoutInfoComponent.swift in Sources */ = {isa = PBXBuildFile; fileRef = C49624F82B7A55B6009159FD /* UserWorkoutInfoComponent.swift */; };
		C49624FB2B7A5610009159FD /* TimeRepsWorkoutComponent.swift in Sources */ = {isa = PBXBuildFile; fileRef = C49624FA2B7A5610009159FD /* TimeRepsWorkoutComponent.swift */; };
		C49624FD2B7A5654009159FD /* ExerciseListViewComponent.swift in Sources */ = {isa = PBXBuildFile; fileRef = C49624FC2B7A5654009159FD /* ExerciseListViewComponent.swift */; };
		C49624FF2B7A56A8009159FD /* WorkoutInfoComponent.swift in Sources */ = {isa = PBXBuildFile; fileRef = C49624FE2B7A56A8009159FD /* WorkoutInfoComponent.swift */; };
		C49625012B7A57FA009159FD /* MuscleChartViewComponent.swift in Sources */ = {isa = PBXBuildFile; fileRef = C49625002B7A57FA009159FD /* MuscleChartViewComponent.swift */; };
		C49625032B7A5887009159FD /* PostedWorkoutInfoViewModel.swift in Sources */ = {isa = PBXBuildFile; fileRef = C49625022B7A5887009159FD /* PostedWorkoutInfoViewModel.swift */; };
		C49625052B7A5891009159FD /* PostedWorkoutModel.swift in Sources */ = {isa = PBXBuildFile; fileRef = C49625042B7A5891009159FD /* PostedWorkoutModel.swift */; };
		C496250B2B7A5DCB009159FD /* PlaceHolderModel.swift in Sources */ = {isa = PBXBuildFile; fileRef = C496250A2B7A5DCB009159FD /* PlaceHolderModel.swift */; };
		C496250E2B7A5EDA009159FD /* WorkoutPageButtonComponent.swift in Sources */ = {isa = PBXBuildFile; fileRef = C496250D2B7A5EDA009159FD /* WorkoutPageButtonComponent.swift */; };
		C49625102B7A614C009159FD /* WorkoutPageLabelComponent.swift in Sources */ = {isa = PBXBuildFile; fileRef = C496250F2B7A614C009159FD /* WorkoutPageLabelComponent.swift */; };
		C49625132B7A644A009159FD /* NewRoutineTextFieldComponent.swift in Sources */ = {isa = PBXBuildFile; fileRef = C49625122B7A644A009159FD /* NewRoutineTextFieldComponent.swift */; };
		C49625172B7A7080009159FD /* InfoBox.swift in Sources */ = {isa = PBXBuildFile; fileRef = C49625162B7A7080009159FD /* InfoBox.swift */; };
		C49625192B7A7132009159FD /* NiceJobViewModel.swift in Sources */ = {isa = PBXBuildFile; fileRef = C49625182B7A7132009159FD /* NiceJobViewModel.swift */; };
		C496251B2B7A7440009159FD /* SaveWorkoutLabelComponent.swift in Sources */ = {isa = PBXBuildFile; fileRef = C496251A2B7A7440009159FD /* SaveWorkoutLabelComponent.swift */; };
		C496251D2B7A75A9009159FD /* SaveWorkoutModel.swift in Sources */ = {isa = PBXBuildFile; fileRef = C496251C2B7A75A9009159FD /* SaveWorkoutModel.swift */; };
		C496251F2B7A7700009159FD /* StartedWorkoutViewModel.swift in Sources */ = {isa = PBXBuildFile; fileRef = C496251E2B7A7700009159FD /* StartedWorkoutViewModel.swift */; };
		C49625212B7A8514009159FD /* EditProfileViewModel.swift in Sources */ = {isa = PBXBuildFile; fileRef = C49625202B7A8514009159FD /* EditProfileViewModel.swift */; };
		C49625232B7A854A009159FD /* PhotosPickerViewModel.swift in Sources */ = {isa = PBXBuildFile; fileRef = C49625222B7A854A009159FD /* PhotosPickerViewModel.swift */; };
		C49625262B7A8B8B009159FD /* NutritionLabelComponent.swift in Sources */ = {isa = PBXBuildFile; fileRef = C49625252B7A8B8B009159FD /* NutritionLabelComponent.swift */; };
		C49625282B7A8E17009159FD /* DBUserModel.swift in Sources */ = {isa = PBXBuildFile; fileRef = C49625272B7A8E17009159FD /* DBUserModel.swift */; };
		C496252A2B7A916E009159FD /* ProfileViewModel.swift in Sources */ = {isa = PBXBuildFile; fileRef = C49625292B7A916E009159FD /* ProfileViewModel.swift */; };
		C49A20B52B90AF43005F0DCF /* UserService.swift in Sources */ = {isa = PBXBuildFile; fileRef = C49A20B42B90AF43005F0DCF /* UserService.swift */; };
		C4BB27472B5858580021AE4C /* ButtonExtension.swift in Sources */ = {isa = PBXBuildFile; fileRef = C4BB27462B5858580021AE4C /* ButtonExtension.swift */; };
		C4BB275B2B590CD80021AE4C /* Kanit-ExtraLight.ttf in Resources */ = {isa = PBXBuildFile; fileRef = C4BB27492B590CD80021AE4C /* Kanit-ExtraLight.ttf */; };
		C4BB275C2B590CD80021AE4C /* Kanit-ExtraLightItalic.ttf in Resources */ = {isa = PBXBuildFile; fileRef = C4BB274A2B590CD80021AE4C /* Kanit-ExtraLightItalic.ttf */; };
		C4BB275D2B590CD80021AE4C /* Kanit-BlackItalic.ttf in Resources */ = {isa = PBXBuildFile; fileRef = C4BB274B2B590CD80021AE4C /* Kanit-BlackItalic.ttf */; };
		C4BB275E2B590CD80021AE4C /* Kanit-Light.ttf in Resources */ = {isa = PBXBuildFile; fileRef = C4BB274C2B590CD80021AE4C /* Kanit-Light.ttf */; };
		C4BB275F2B590CD80021AE4C /* Kanit-ThinItalic.ttf in Resources */ = {isa = PBXBuildFile; fileRef = C4BB274D2B590CD80021AE4C /* Kanit-ThinItalic.ttf */; };
		C4BB27602B590CD80021AE4C /* Kanit-Medium.ttf in Resources */ = {isa = PBXBuildFile; fileRef = C4BB274E2B590CD80021AE4C /* Kanit-Medium.ttf */; };
		C4BB27612B590CD80021AE4C /* Kanit-Bold.ttf in Resources */ = {isa = PBXBuildFile; fileRef = C4BB274F2B590CD80021AE4C /* Kanit-Bold.ttf */; };
		C4BB27622B590CD80021AE4C /* Kanit-MediumItalic.ttf in Resources */ = {isa = PBXBuildFile; fileRef = C4BB27502B590CD80021AE4C /* Kanit-MediumItalic.ttf */; };
		C4BB27632B590CD80021AE4C /* Kanit-BoldItalic.ttf in Resources */ = {isa = PBXBuildFile; fileRef = C4BB27512B590CD80021AE4C /* Kanit-BoldItalic.ttf */; };
		C4BB27642B590CD80021AE4C /* Kanit-LightItalic.ttf in Resources */ = {isa = PBXBuildFile; fileRef = C4BB27522B590CD80021AE4C /* Kanit-LightItalic.ttf */; };
		C4BB27652B590CD80021AE4C /* Kanit-Black.ttf in Resources */ = {isa = PBXBuildFile; fileRef = C4BB27532B590CD80021AE4C /* Kanit-Black.ttf */; };
		C4BB27662B590CD80021AE4C /* Kanit-Regular.ttf in Resources */ = {isa = PBXBuildFile; fileRef = C4BB27542B590CD80021AE4C /* Kanit-Regular.ttf */; };
		C4BB27672B590CD80021AE4C /* Kanit-ExtraBoldItalic.ttf in Resources */ = {isa = PBXBuildFile; fileRef = C4BB27552B590CD80021AE4C /* Kanit-ExtraBoldItalic.ttf */; };
		C4BB27682B590CD80021AE4C /* Kanit-ExtraBold.ttf in Resources */ = {isa = PBXBuildFile; fileRef = C4BB27562B590CD80021AE4C /* Kanit-ExtraBold.ttf */; };
		C4BB27692B590CD80021AE4C /* Kanit-SemiBold.ttf in Resources */ = {isa = PBXBuildFile; fileRef = C4BB27572B590CD80021AE4C /* Kanit-SemiBold.ttf */; };
		C4BB276A2B590CD80021AE4C /* Kanit-SemiBoldItalic.ttf in Resources */ = {isa = PBXBuildFile; fileRef = C4BB27582B590CD80021AE4C /* Kanit-SemiBoldItalic.ttf */; };
		C4BB276B2B590CD80021AE4C /* Kanit-Italic.ttf in Resources */ = {isa = PBXBuildFile; fileRef = C4BB27592B590CD80021AE4C /* Kanit-Italic.ttf */; };
		C4BB276C2B590CD80021AE4C /* Kanit-Thin.ttf in Resources */ = {isa = PBXBuildFile; fileRef = C4BB275A2B590CD80021AE4C /* Kanit-Thin.ttf */; };
		C4BB27702B5915950021AE4C /* OnBoardingViewModel.swift in Sources */ = {isa = PBXBuildFile; fileRef = C4BB276F2B5915950021AE4C /* OnBoardingViewModel.swift */; };
		C4BB27732B5939C60021AE4C /* GoogleService-Info.plist in Resources */ = {isa = PBXBuildFile; fileRef = C4BB27722B5939C60021AE4C /* GoogleService-Info.plist */; };
		C4BB27762B593B420021AE4C /* FirebaseAnalytics in Frameworks */ = {isa = PBXBuildFile; productRef = C4BB27752B593B420021AE4C /* FirebaseAnalytics */; };
		C4BB27782B593B420021AE4C /* FirebaseAnalyticsOnDeviceConversion in Frameworks */ = {isa = PBXBuildFile; productRef = C4BB27772B593B420021AE4C /* FirebaseAnalyticsOnDeviceConversion */; };
		C4BB277A2B593B420021AE4C /* FirebaseAnalyticsSwift in Frameworks */ = {isa = PBXBuildFile; productRef = C4BB27792B593B420021AE4C /* FirebaseAnalyticsSwift */; };
		C4BB277C2B593B420021AE4C /* FirebaseAnalyticsWithoutAdIdSupport in Frameworks */ = {isa = PBXBuildFile; productRef = C4BB277B2B593B420021AE4C /* FirebaseAnalyticsWithoutAdIdSupport */; };
		C4BB277E2B593B420021AE4C /* FirebaseAppCheck in Frameworks */ = {isa = PBXBuildFile; productRef = C4BB277D2B593B420021AE4C /* FirebaseAppCheck */; };
		C4BB27802B593B420021AE4C /* FirebaseAppDistribution-Beta in Frameworks */ = {isa = PBXBuildFile; productRef = C4BB277F2B593B420021AE4C /* FirebaseAppDistribution-Beta */; };
		C4BB27822B593B420021AE4C /* FirebaseAuth in Frameworks */ = {isa = PBXBuildFile; productRef = C4BB27812B593B420021AE4C /* FirebaseAuth */; };
		C4BB27842B593B420021AE4C /* FirebaseAuthCombine-Community in Frameworks */ = {isa = PBXBuildFile; productRef = C4BB27832B593B420021AE4C /* FirebaseAuthCombine-Community */; };
		C4BB27862B593B420021AE4C /* FirebaseCrashlytics in Frameworks */ = {isa = PBXBuildFile; productRef = C4BB27852B593B420021AE4C /* FirebaseCrashlytics */; };
		C4BB27882B593B420021AE4C /* FirebaseDatabase in Frameworks */ = {isa = PBXBuildFile; productRef = C4BB27872B593B420021AE4C /* FirebaseDatabase */; };
		C4BB278A2B593B420021AE4C /* FirebaseDatabaseSwift in Frameworks */ = {isa = PBXBuildFile; productRef = C4BB27892B593B420021AE4C /* FirebaseDatabaseSwift */; };
		C4BB278C2B593B420021AE4C /* FirebaseDynamicLinks in Frameworks */ = {isa = PBXBuildFile; productRef = C4BB278B2B593B420021AE4C /* FirebaseDynamicLinks */; };
		C4BB278E2B593B420021AE4C /* FirebaseFirestore in Frameworks */ = {isa = PBXBuildFile; productRef = C4BB278D2B593B420021AE4C /* FirebaseFirestore */; };
		C4BB27902B593B420021AE4C /* FirebaseFirestoreCombine-Community in Frameworks */ = {isa = PBXBuildFile; productRef = C4BB278F2B593B420021AE4C /* FirebaseFirestoreCombine-Community */; };
		C4BB27922B593B420021AE4C /* FirebaseFirestoreSwift in Frameworks */ = {isa = PBXBuildFile; productRef = C4BB27912B593B420021AE4C /* FirebaseFirestoreSwift */; };
		C4BB27942B593B420021AE4C /* FirebaseFunctions in Frameworks */ = {isa = PBXBuildFile; productRef = C4BB27932B593B420021AE4C /* FirebaseFunctions */; };
		C4BB27962B593B420021AE4C /* FirebaseFunctionsCombine-Community in Frameworks */ = {isa = PBXBuildFile; productRef = C4BB27952B593B420021AE4C /* FirebaseFunctionsCombine-Community */; };
		C4BB27982B593B420021AE4C /* FirebaseInAppMessaging-Beta in Frameworks */ = {isa = PBXBuildFile; productRef = C4BB27972B593B420021AE4C /* FirebaseInAppMessaging-Beta */; };
		C4BB279A2B593B420021AE4C /* FirebaseInAppMessagingSwift-Beta in Frameworks */ = {isa = PBXBuildFile; productRef = C4BB27992B593B420021AE4C /* FirebaseInAppMessagingSwift-Beta */; };
		C4BB279C2B593B420021AE4C /* FirebaseInstallations in Frameworks */ = {isa = PBXBuildFile; productRef = C4BB279B2B593B420021AE4C /* FirebaseInstallations */; };
		C4BB279E2B593B420021AE4C /* FirebaseMLModelDownloader in Frameworks */ = {isa = PBXBuildFile; productRef = C4BB279D2B593B420021AE4C /* FirebaseMLModelDownloader */; };
		C4BB27A02B593B420021AE4C /* FirebaseMessaging in Frameworks */ = {isa = PBXBuildFile; productRef = C4BB279F2B593B420021AE4C /* FirebaseMessaging */; };
		C4BB27A22B593B420021AE4C /* FirebasePerformance in Frameworks */ = {isa = PBXBuildFile; productRef = C4BB27A12B593B420021AE4C /* FirebasePerformance */; };
		C4BB27A42B593B420021AE4C /* FirebaseRemoteConfig in Frameworks */ = {isa = PBXBuildFile; productRef = C4BB27A32B593B420021AE4C /* FirebaseRemoteConfig */; };
		C4BB27A62B593B420021AE4C /* FirebaseRemoteConfigSwift in Frameworks */ = {isa = PBXBuildFile; productRef = C4BB27A52B593B420021AE4C /* FirebaseRemoteConfigSwift */; };
		C4BB27A82B593B420021AE4C /* FirebaseStorage in Frameworks */ = {isa = PBXBuildFile; productRef = C4BB27A72B593B420021AE4C /* FirebaseStorage */; };
		C4BB27AA2B593B420021AE4C /* FirebaseStorageCombine-Community in Frameworks */ = {isa = PBXBuildFile; productRef = C4BB27A92B593B420021AE4C /* FirebaseStorageCombine-Community */; };
		C4BB27AD2B594B1A0021AE4C /* SignInEmailView.swift in Sources */ = {isa = PBXBuildFile; fileRef = C4BB27AC2B594B1A0021AE4C /* SignInEmailView.swift */; };
		C4BB27AF2B594B310021AE4C /* SignInEmailViewModel.swift in Sources */ = {isa = PBXBuildFile; fileRef = C4BB27AE2B594B310021AE4C /* SignInEmailViewModel.swift */; };
		C4BB27B12B59514A0021AE4C /* AuthenticationManager.swift in Sources */ = {isa = PBXBuildFile; fileRef = C4BB27B02B59514A0021AE4C /* AuthenticationManager.swift */; };
		C4BB27B72B5A85720021AE4C /* RegisterView.swift in Sources */ = {isa = PBXBuildFile; fileRef = C4BB27B62B5A85720021AE4C /* RegisterView.swift */; };
		C4BB27B92B5A85D70021AE4C /* RegisterViewModel.swift in Sources */ = {isa = PBXBuildFile; fileRef = C4BB27B82B5A85D70021AE4C /* RegisterViewModel.swift */; };
		C4BB27BC2B5A87660021AE4C /* WithRootNavigationController.swift in Sources */ = {isa = PBXBuildFile; fileRef = C4BB27BB2B5A87660021AE4C /* WithRootNavigationController.swift */; };
		C4BB27C02B5AB8640021AE4C /* AuthButtonComponent.swift in Sources */ = {isa = PBXBuildFile; fileRef = C4BB27BF2B5AB8640021AE4C /* AuthButtonComponent.swift */; };
		C4BB27C22B5AB89D0021AE4C /* AuthTitleComponent.swift in Sources */ = {isa = PBXBuildFile; fileRef = C4BB27C12B5AB89D0021AE4C /* AuthTitleComponent.swift */; };
		C4BB27C42B5ABA430021AE4C /* AuthEmailFieldComponent.swift in Sources */ = {isa = PBXBuildFile; fileRef = C4BB27C32B5ABA430021AE4C /* AuthEmailFieldComponent.swift */; };
		C4BB27C62B5ABA6B0021AE4C /* AuthPasswordFieldComponent.swift in Sources */ = {isa = PBXBuildFile; fileRef = C4BB27C52B5ABA6B0021AE4C /* AuthPasswordFieldComponent.swift */; };
		C4D4E5062B57F3FF000B0AE1 /* AppDelegate.swift in Sources */ = {isa = PBXBuildFile; fileRef = C4D4E5052B57F3FF000B0AE1 /* AppDelegate.swift */; };
		C4D4E5082B57F3FF000B0AE1 /* SceneDelegate.swift in Sources */ = {isa = PBXBuildFile; fileRef = C4D4E5072B57F3FF000B0AE1 /* SceneDelegate.swift */; };
		C4D4E50F2B57F400000B0AE1 /* Assets.xcassets in Resources */ = {isa = PBXBuildFile; fileRef = C4D4E50E2B57F400000B0AE1 /* Assets.xcassets */; };
		C4D4E5122B57F400000B0AE1 /* LaunchScreen.storyboard in Resources */ = {isa = PBXBuildFile; fileRef = C4D4E5102B57F400000B0AE1 /* LaunchScreen.storyboard */; };
		C4D4E51D2B57F873000B0AE1 /* ColorExtension.swift in Sources */ = {isa = PBXBuildFile; fileRef = C4D4E51C2B57F873000B0AE1 /* ColorExtension.swift */; };
		C4D4E5272B57FC19000B0AE1 /* OnBoardingModel.swift in Sources */ = {isa = PBXBuildFile; fileRef = C4D4E5262B57FC19000B0AE1 /* OnBoardingModel.swift */; };
		C4D4E5292B582CCB000B0AE1 /* OnBoardingView.swift in Sources */ = {isa = PBXBuildFile; fileRef = C4D4E5282B582CCB000B0AE1 /* OnBoardingView.swift */; };
		C4D4E52B2B583008000B0AE1 /* OnBoardingComponent.swift in Sources */ = {isa = PBXBuildFile; fileRef = C4D4E52A2B583008000B0AE1 /* OnBoardingComponent.swift */; };
		C4E027A02B6E77F4000FA8B6 /* HomeView.swift in Sources */ = {isa = PBXBuildFile; fileRef = C4E0279F2B6E77F4000FA8B6 /* HomeView.swift */; };
		C4E027A22B6E7AE6000FA8B6 /* HomeModel.swift in Sources */ = {isa = PBXBuildFile; fileRef = C4E027A12B6E7AE6000FA8B6 /* HomeModel.swift */; };
		C4E027A52B6FAE39000FA8B6 /* PostedWorkoutView.swift in Sources */ = {isa = PBXBuildFile; fileRef = C4E027A42B6FAE39000FA8B6 /* PostedWorkoutView.swift */; };
		C4E027AD2B72489B000FA8B6 /* EditProfileView.swift in Sources */ = {isa = PBXBuildFile; fileRef = C4E027AC2B72489B000FA8B6 /* EditProfileView.swift */; };
		C4E027B42B738A34000FA8B6 /* StorageManager.swift in Sources */ = {isa = PBXBuildFile; fileRef = C4E027B32B738A33000FA8B6 /* StorageManager.swift */; };
		C4F3A0062B5BC02B00B921FB /* ProfileViewController.swift in Sources */ = {isa = PBXBuildFile; fileRef = C4F3A0052B5BC02B00B921FB /* ProfileViewController.swift */; };
		C4F3A0082B5BC04700B921FB /* WorkoutViewController.swift in Sources */ = {isa = PBXBuildFile; fileRef = C4F3A0072B5BC04700B921FB /* WorkoutViewController.swift */; };
		C4F3A00C2B5BC7B600B921FB /* TabController.swift in Sources */ = {isa = PBXBuildFile; fileRef = C4F3A00B2B5BC7B600B921FB /* TabController.swift */; };
		C4F3A00F2B5D151600B921FB /* NetworkingPackageGeneric in Frameworks */ = {isa = PBXBuildFile; productRef = C4F3A00E2B5D151600B921FB /* NetworkingPackageGeneric */; };
		C4F3A0112B5D163100B921FB /* WorkoutViewModel.swift in Sources */ = {isa = PBXBuildFile; fileRef = C4F3A0102B5D163100B921FB /* WorkoutViewModel.swift */; };
		C4F3A0132B5D164400B921FB /* WorkoutModel.swift in Sources */ = {isa = PBXBuildFile; fileRef = C4F3A0122B5D164400B921FB /* WorkoutModel.swift */; };
		C4F3A0182B5D17D600B921FB /* NewRoutineViewController.swift in Sources */ = {isa = PBXBuildFile; fileRef = C4F3A0172B5D17D600B921FB /* NewRoutineViewController.swift */; };
		C4F3A01B2B5D316400B921FB /* ExerciseListViewController.swift in Sources */ = {isa = PBXBuildFile; fileRef = C4F3A01A2B5D316400B921FB /* ExerciseListViewController.swift */; };
		C4F3A01D2B5D32F900B921FB /* ExerciseListViewModel.swift in Sources */ = {isa = PBXBuildFile; fileRef = C4F3A01C2B5D32F900B921FB /* ExerciseListViewModel.swift */; };
		C4F3A01F2B5D3D4100B921FB /* ExerciseModel.swift in Sources */ = {isa = PBXBuildFile; fileRef = C4F3A01E2B5D3D4100B921FB /* ExerciseModel.swift */; };
		C4F3A0212B5E5EFB00B921FB /* ExerciseTableViewCell.swift in Sources */ = {isa = PBXBuildFile; fileRef = C4F3A0202B5E5EFB00B921FB /* ExerciseTableViewCell.swift */; };
		C4F3A0232B5E87E800B921FB /* ExerciseDetailsViewController.swift in Sources */ = {isa = PBXBuildFile; fileRef = C4F3A0222B5E87E800B921FB /* ExerciseDetailsViewController.swift */; };
		C4F3A0262B5E993200B921FB /* GifLoader.swift in Sources */ = {isa = PBXBuildFile; fileRef = C4F3A0252B5E993200B921FB /* GifLoader.swift */; };
		C4F3A0282B5E9F3800B921FB /* workout.gif in Resources */ = {isa = PBXBuildFile; fileRef = C4F3A0272B5E9F3800B921FB /* workout.gif */; };
		C4F3A02A2B5FC38700B921FB /* NewRoutineViewModel.swift in Sources */ = {isa = PBXBuildFile; fileRef = C4F3A0292B5FC38700B921FB /* NewRoutineViewModel.swift */; };
		C4F4C52F2B988BA1003E4497 /* CardManagerView.swift in Sources */ = {isa = PBXBuildFile; fileRef = C4F4C52E2B988BA1003E4497 /* CardManagerView.swift */; };
		C4F4C5322B988EBC003E4497 /* SplineRuntime in Frameworks */ = {isa = PBXBuildFile; productRef = C4F4C5312B988EBC003E4497 /* SplineRuntime */; };
		C4F4C5342B99E55B003E4497 /* Visa.png in Resources */ = {isa = PBXBuildFile; fileRef = C4F4C5332B99E55B003E4497 /* Visa.png */; };
/* End PBXBuildFile section */

/* Begin PBXFileReference section */
		C40920CA2B6030650089F99E /* WorkoutTableViewCell.swift */ = {isa = PBXFileReference; lastKnownFileType = sourcecode.swift; path = WorkoutTableViewCell.swift; sourceTree = "<group>"; };
		C40920D02B6151640089F99E /* StartedRoutineViewController.swift */ = {isa = PBXFileReference; lastKnownFileType = sourcecode.swift; path = StartedRoutineViewController.swift; sourceTree = "<group>"; };
		C40920D22B6179D40089F99E /* StartedWorkoutTableViewCell.swift */ = {isa = PBXFileReference; lastKnownFileType = sourcecode.swift; path = StartedWorkoutTableViewCell.swift; sourceTree = "<group>"; };
		C40920D42B6276110089F99E /* WorkoutInfoTableViewCell.swift */ = {isa = PBXFileReference; lastKnownFileType = sourcecode.swift; path = WorkoutInfoTableViewCell.swift; sourceTree = "<group>"; };
		C40A35F42B850E5000725C6B /* RoutineInfoViewController.swift */ = {isa = PBXFileReference; lastKnownFileType = sourcecode.swift; path = RoutineInfoViewController.swift; sourceTree = "<group>"; };
		C40A35F62B852C9500725C6B /* RoutineWorkoutTableViewCell.swift */ = {isa = PBXFileReference; lastKnownFileType = sourcecode.swift; path = RoutineWorkoutTableViewCell.swift; sourceTree = "<group>"; };
		C45D81432B961F9C00583B86 /* AlertExtension.swift */ = {isa = PBXFileReference; lastKnownFileType = sourcecode.swift; path = AlertExtension.swift; sourceTree = "<group>"; };
		C473B0952B63BF1300C34CC0 /* SaveWorkoutViewController.swift */ = {isa = PBXFileReference; lastKnownFileType = sourcecode.swift; path = SaveWorkoutViewController.swift; sourceTree = "<group>"; };
		C473B0972B63DEAD00C34CC0 /* SaveCollectionViewCell.swift */ = {isa = PBXFileReference; lastKnownFileType = sourcecode.swift; path = SaveCollectionViewCell.swift; sourceTree = "<group>"; };
		C473B09D2B6685BF00C34CC0 /* UserManager.swift */ = {isa = PBXFileReference; lastKnownFileType = sourcecode.swift; path = UserManager.swift; sourceTree = "<group>"; };
		C473B0A02B6A717700C34CC0 /* NiceJobView.swift */ = {isa = PBXFileReference; lastKnownFileType = sourcecode.swift; path = NiceJobView.swift; sourceTree = "<group>"; };
		C49624D92B7662C9009159FD /* WorkoutSkeletonCell.swift */ = {isa = PBXFileReference; lastKnownFileType = sourcecode.swift; path = WorkoutSkeletonCell.swift; sourceTree = "<group>"; };
		C49624DB2B7662E7009159FD /* SkeletonLoadable.swift */ = {isa = PBXFileReference; lastKnownFileType = sourcecode.swift; path = SkeletonLoadable.swift; sourceTree = "<group>"; };
		C49624DD2B766DFB009159FD /* ExerciseSkeletonCell.swift */ = {isa = PBXFileReference; lastKnownFileType = sourcecode.swift; path = ExerciseSkeletonCell.swift; sourceTree = "<group>"; };
		C49624E32B77AEA0009159FD /* NutritionViewController.swift */ = {isa = PBXFileReference; lastKnownFileType = sourcecode.swift; path = NutritionViewController.swift; sourceTree = "<group>"; };
		C49624E52B78D6CD009159FD /* NutritionViewModel.swift */ = {isa = PBXFileReference; lastKnownFileType = sourcecode.swift; path = NutritionViewModel.swift; sourceTree = "<group>"; };
		C49624E72B78DD4F009159FD /* NutritionModel.swift */ = {isa = PBXFileReference; lastKnownFileType = sourcecode.swift; path = NutritionModel.swift; sourceTree = "<group>"; };
		C49624EC2B7A20CF009159FD /* ExploreRoutinesViewController.swift */ = {isa = PBXFileReference; lastKnownFileType = sourcecode.swift; path = ExploreRoutinesViewController.swift; sourceTree = "<group>"; };
		C49624EE2B7A20DE009159FD /* ExploreRoutinesViewModel.swift */ = {isa = PBXFileReference; lastKnownFileType = sourcecode.swift; path = ExploreRoutinesViewModel.swift; sourceTree = "<group>"; };
		C49624F02B7A218B009159FD /* ExploreTableViewCell.swift */ = {isa = PBXFileReference; lastKnownFileType = sourcecode.swift; path = ExploreTableViewCell.swift; sourceTree = "<group>"; };
		C49624F52B7A5352009159FD /* HomeSharedViewModel.swift */ = {isa = PBXFileReference; lastKnownFileType = sourcecode.swift; path = HomeSharedViewModel.swift; sourceTree = "<group>"; };
		C49624F82B7A55B6009159FD /* UserWorkoutInfoComponent.swift */ = {isa = PBXFileReference; lastKnownFileType = sourcecode.swift; path = UserWorkoutInfoComponent.swift; sourceTree = "<group>"; };
		C49624FA2B7A5610009159FD /* TimeRepsWorkoutComponent.swift */ = {isa = PBXFileReference; lastKnownFileType = sourcecode.swift; path = TimeRepsWorkoutComponent.swift; sourceTree = "<group>"; };
		C49624FC2B7A5654009159FD /* ExerciseListViewComponent.swift */ = {isa = PBXFileReference; lastKnownFileType = sourcecode.swift; path = ExerciseListViewComponent.swift; sourceTree = "<group>"; };
		C49624FE2B7A56A8009159FD /* WorkoutInfoComponent.swift */ = {isa = PBXFileReference; lastKnownFileType = sourcecode.swift; path = WorkoutInfoComponent.swift; sourceTree = "<group>"; };
		C49625002B7A57FA009159FD /* MuscleChartViewComponent.swift */ = {isa = PBXFileReference; lastKnownFileType = sourcecode.swift; path = MuscleChartViewComponent.swift; sourceTree = "<group>"; };
		C49625022B7A5887009159FD /* PostedWorkoutInfoViewModel.swift */ = {isa = PBXFileReference; lastKnownFileType = sourcecode.swift; path = PostedWorkoutInfoViewModel.swift; sourceTree = "<group>"; };
		C49625042B7A5891009159FD /* PostedWorkoutModel.swift */ = {isa = PBXFileReference; lastKnownFileType = sourcecode.swift; path = PostedWorkoutModel.swift; sourceTree = "<group>"; };
		C496250A2B7A5DCB009159FD /* PlaceHolderModel.swift */ = {isa = PBXFileReference; lastKnownFileType = sourcecode.swift; path = PlaceHolderModel.swift; sourceTree = "<group>"; };
		C496250D2B7A5EDA009159FD /* WorkoutPageButtonComponent.swift */ = {isa = PBXFileReference; lastKnownFileType = sourcecode.swift; path = WorkoutPageButtonComponent.swift; sourceTree = "<group>"; };
		C496250F2B7A614C009159FD /* WorkoutPageLabelComponent.swift */ = {isa = PBXFileReference; lastKnownFileType = sourcecode.swift; path = WorkoutPageLabelComponent.swift; sourceTree = "<group>"; };
		C49625122B7A644A009159FD /* NewRoutineTextFieldComponent.swift */ = {isa = PBXFileReference; lastKnownFileType = sourcecode.swift; path = NewRoutineTextFieldComponent.swift; sourceTree = "<group>"; };
		C49625162B7A7080009159FD /* InfoBox.swift */ = {isa = PBXFileReference; lastKnownFileType = sourcecode.swift; path = InfoBox.swift; sourceTree = "<group>"; };
		C49625182B7A7132009159FD /* NiceJobViewModel.swift */ = {isa = PBXFileReference; lastKnownFileType = sourcecode.swift; path = NiceJobViewModel.swift; sourceTree = "<group>"; };
		C496251A2B7A7440009159FD /* SaveWorkoutLabelComponent.swift */ = {isa = PBXFileReference; lastKnownFileType = sourcecode.swift; path = SaveWorkoutLabelComponent.swift; sourceTree = "<group>"; };
		C496251C2B7A75A9009159FD /* SaveWorkoutModel.swift */ = {isa = PBXFileReference; lastKnownFileType = sourcecode.swift; path = SaveWorkoutModel.swift; sourceTree = "<group>"; };
		C496251E2B7A7700009159FD /* StartedWorkoutViewModel.swift */ = {isa = PBXFileReference; lastKnownFileType = sourcecode.swift; path = StartedWorkoutViewModel.swift; sourceTree = "<group>"; };
		C49625202B7A8514009159FD /* EditProfileViewModel.swift */ = {isa = PBXFileReference; lastKnownFileType = sourcecode.swift; path = EditProfileViewModel.swift; sourceTree = "<group>"; };
		C49625222B7A854A009159FD /* PhotosPickerViewModel.swift */ = {isa = PBXFileReference; lastKnownFileType = sourcecode.swift; path = PhotosPickerViewModel.swift; sourceTree = "<group>"; };
		C49625252B7A8B8B009159FD /* NutritionLabelComponent.swift */ = {isa = PBXFileReference; lastKnownFileType = sourcecode.swift; path = NutritionLabelComponent.swift; sourceTree = "<group>"; };
		C49625272B7A8E17009159FD /* DBUserModel.swift */ = {isa = PBXFileReference; lastKnownFileType = sourcecode.swift; path = DBUserModel.swift; sourceTree = "<group>"; };
		C49625292B7A916E009159FD /* ProfileViewModel.swift */ = {isa = PBXFileReference; lastKnownFileType = sourcecode.swift; path = ProfileViewModel.swift; sourceTree = "<group>"; };
		C49A20B42B90AF43005F0DCF /* UserService.swift */ = {isa = PBXFileReference; lastKnownFileType = sourcecode.swift; path = UserService.swift; sourceTree = "<group>"; };
		C4BB27462B5858580021AE4C /* ButtonExtension.swift */ = {isa = PBXFileReference; lastKnownFileType = sourcecode.swift; path = ButtonExtension.swift; sourceTree = "<group>"; };
		C4BB27492B590CD80021AE4C /* Kanit-ExtraLight.ttf */ = {isa = PBXFileReference; lastKnownFileType = file; path = "Kanit-ExtraLight.ttf"; sourceTree = "<group>"; };
		C4BB274A2B590CD80021AE4C /* Kanit-ExtraLightItalic.ttf */ = {isa = PBXFileReference; lastKnownFileType = file; path = "Kanit-ExtraLightItalic.ttf"; sourceTree = "<group>"; };
		C4BB274B2B590CD80021AE4C /* Kanit-BlackItalic.ttf */ = {isa = PBXFileReference; lastKnownFileType = file; path = "Kanit-BlackItalic.ttf"; sourceTree = "<group>"; };
		C4BB274C2B590CD80021AE4C /* Kanit-Light.ttf */ = {isa = PBXFileReference; lastKnownFileType = file; path = "Kanit-Light.ttf"; sourceTree = "<group>"; };
		C4BB274D2B590CD80021AE4C /* Kanit-ThinItalic.ttf */ = {isa = PBXFileReference; lastKnownFileType = file; path = "Kanit-ThinItalic.ttf"; sourceTree = "<group>"; };
		C4BB274E2B590CD80021AE4C /* Kanit-Medium.ttf */ = {isa = PBXFileReference; lastKnownFileType = file; path = "Kanit-Medium.ttf"; sourceTree = "<group>"; };
		C4BB274F2B590CD80021AE4C /* Kanit-Bold.ttf */ = {isa = PBXFileReference; lastKnownFileType = file; path = "Kanit-Bold.ttf"; sourceTree = "<group>"; };
		C4BB27502B590CD80021AE4C /* Kanit-MediumItalic.ttf */ = {isa = PBXFileReference; lastKnownFileType = file; path = "Kanit-MediumItalic.ttf"; sourceTree = "<group>"; };
		C4BB27512B590CD80021AE4C /* Kanit-BoldItalic.ttf */ = {isa = PBXFileReference; lastKnownFileType = file; path = "Kanit-BoldItalic.ttf"; sourceTree = "<group>"; };
		C4BB27522B590CD80021AE4C /* Kanit-LightItalic.ttf */ = {isa = PBXFileReference; lastKnownFileType = file; path = "Kanit-LightItalic.ttf"; sourceTree = "<group>"; };
		C4BB27532B590CD80021AE4C /* Kanit-Black.ttf */ = {isa = PBXFileReference; lastKnownFileType = file; path = "Kanit-Black.ttf"; sourceTree = "<group>"; };
		C4BB27542B590CD80021AE4C /* Kanit-Regular.ttf */ = {isa = PBXFileReference; lastKnownFileType = file; path = "Kanit-Regular.ttf"; sourceTree = "<group>"; };
		C4BB27552B590CD80021AE4C /* Kanit-ExtraBoldItalic.ttf */ = {isa = PBXFileReference; lastKnownFileType = file; path = "Kanit-ExtraBoldItalic.ttf"; sourceTree = "<group>"; };
		C4BB27562B590CD80021AE4C /* Kanit-ExtraBold.ttf */ = {isa = PBXFileReference; lastKnownFileType = file; path = "Kanit-ExtraBold.ttf"; sourceTree = "<group>"; };
		C4BB27572B590CD80021AE4C /* Kanit-SemiBold.ttf */ = {isa = PBXFileReference; lastKnownFileType = file; path = "Kanit-SemiBold.ttf"; sourceTree = "<group>"; };
		C4BB27582B590CD80021AE4C /* Kanit-SemiBoldItalic.ttf */ = {isa = PBXFileReference; lastKnownFileType = file; path = "Kanit-SemiBoldItalic.ttf"; sourceTree = "<group>"; };
		C4BB27592B590CD80021AE4C /* Kanit-Italic.ttf */ = {isa = PBXFileReference; lastKnownFileType = file; path = "Kanit-Italic.ttf"; sourceTree = "<group>"; };
		C4BB275A2B590CD80021AE4C /* Kanit-Thin.ttf */ = {isa = PBXFileReference; lastKnownFileType = file; path = "Kanit-Thin.ttf"; sourceTree = "<group>"; };
		C4BB276F2B5915950021AE4C /* OnBoardingViewModel.swift */ = {isa = PBXFileReference; lastKnownFileType = sourcecode.swift; path = OnBoardingViewModel.swift; sourceTree = "<group>"; };
		C4BB27722B5939C60021AE4C /* GoogleService-Info.plist */ = {isa = PBXFileReference; fileEncoding = 4; lastKnownFileType = text.plist.xml; path = "GoogleService-Info.plist"; sourceTree = "<group>"; };
		C4BB27AC2B594B1A0021AE4C /* SignInEmailView.swift */ = {isa = PBXFileReference; lastKnownFileType = sourcecode.swift; path = SignInEmailView.swift; sourceTree = "<group>"; };
		C4BB27AE2B594B310021AE4C /* SignInEmailViewModel.swift */ = {isa = PBXFileReference; lastKnownFileType = sourcecode.swift; path = SignInEmailViewModel.swift; sourceTree = "<group>"; };
		C4BB27B02B59514A0021AE4C /* AuthenticationManager.swift */ = {isa = PBXFileReference; lastKnownFileType = sourcecode.swift; path = AuthenticationManager.swift; sourceTree = "<group>"; };
		C4BB27B62B5A85720021AE4C /* RegisterView.swift */ = {isa = PBXFileReference; lastKnownFileType = sourcecode.swift; path = RegisterView.swift; sourceTree = "<group>"; };
		C4BB27B82B5A85D70021AE4C /* RegisterViewModel.swift */ = {isa = PBXFileReference; lastKnownFileType = sourcecode.swift; path = RegisterViewModel.swift; sourceTree = "<group>"; };
		C4BB27BB2B5A87660021AE4C /* WithRootNavigationController.swift */ = {isa = PBXFileReference; lastKnownFileType = sourcecode.swift; path = WithRootNavigationController.swift; sourceTree = "<group>"; };
		C4BB27BF2B5AB8640021AE4C /* AuthButtonComponent.swift */ = {isa = PBXFileReference; lastKnownFileType = sourcecode.swift; path = AuthButtonComponent.swift; sourceTree = "<group>"; };
		C4BB27C12B5AB89D0021AE4C /* AuthTitleComponent.swift */ = {isa = PBXFileReference; lastKnownFileType = sourcecode.swift; path = AuthTitleComponent.swift; sourceTree = "<group>"; };
		C4BB27C32B5ABA430021AE4C /* AuthEmailFieldComponent.swift */ = {isa = PBXFileReference; lastKnownFileType = sourcecode.swift; path = AuthEmailFieldComponent.swift; sourceTree = "<group>"; };
		C4BB27C52B5ABA6B0021AE4C /* AuthPasswordFieldComponent.swift */ = {isa = PBXFileReference; lastKnownFileType = sourcecode.swift; path = AuthPasswordFieldComponent.swift; sourceTree = "<group>"; };
		C4D4E5022B57F3FF000B0AE1 /* DzliEra.app */ = {isa = PBXFileReference; explicitFileType = wrapper.application; includeInIndex = 0; path = DzliEra.app; sourceTree = BUILT_PRODUCTS_DIR; };
		C4D4E5052B57F3FF000B0AE1 /* AppDelegate.swift */ = {isa = PBXFileReference; lastKnownFileType = sourcecode.swift; path = AppDelegate.swift; sourceTree = "<group>"; };
		C4D4E5072B57F3FF000B0AE1 /* SceneDelegate.swift */ = {isa = PBXFileReference; lastKnownFileType = sourcecode.swift; path = SceneDelegate.swift; sourceTree = "<group>"; };
		C4D4E50E2B57F400000B0AE1 /* Assets.xcassets */ = {isa = PBXFileReference; lastKnownFileType = folder.assetcatalog; path = Assets.xcassets; sourceTree = "<group>"; };
		C4D4E5112B57F400000B0AE1 /* Base */ = {isa = PBXFileReference; lastKnownFileType = file.storyboard; name = Base; path = Base.lproj/LaunchScreen.storyboard; sourceTree = "<group>"; };
		C4D4E5132B57F400000B0AE1 /* Info.plist */ = {isa = PBXFileReference; lastKnownFileType = text.plist.xml; path = Info.plist; sourceTree = "<group>"; };
		C4D4E51C2B57F873000B0AE1 /* ColorExtension.swift */ = {isa = PBXFileReference; lastKnownFileType = sourcecode.swift; path = ColorExtension.swift; sourceTree = "<group>"; };
		C4D4E5262B57FC19000B0AE1 /* OnBoardingModel.swift */ = {isa = PBXFileReference; lastKnownFileType = sourcecode.swift; path = OnBoardingModel.swift; sourceTree = "<group>"; };
		C4D4E5282B582CCB000B0AE1 /* OnBoardingView.swift */ = {isa = PBXFileReference; lastKnownFileType = sourcecode.swift; path = OnBoardingView.swift; sourceTree = "<group>"; };
		C4D4E52A2B583008000B0AE1 /* OnBoardingComponent.swift */ = {isa = PBXFileReference; lastKnownFileType = sourcecode.swift; path = OnBoardingComponent.swift; sourceTree = "<group>"; };
		C4E0279F2B6E77F4000FA8B6 /* HomeView.swift */ = {isa = PBXFileReference; lastKnownFileType = sourcecode.swift; path = HomeView.swift; sourceTree = "<group>"; };
		C4E027A12B6E7AE6000FA8B6 /* HomeModel.swift */ = {isa = PBXFileReference; lastKnownFileType = sourcecode.swift; path = HomeModel.swift; sourceTree = "<group>"; };
		C4E027A42B6FAE39000FA8B6 /* PostedWorkoutView.swift */ = {isa = PBXFileReference; lastKnownFileType = sourcecode.swift; path = PostedWorkoutView.swift; sourceTree = "<group>"; };
		C4E027AC2B72489B000FA8B6 /* EditProfileView.swift */ = {isa = PBXFileReference; lastKnownFileType = sourcecode.swift; path = EditProfileView.swift; sourceTree = "<group>"; };
		C4E027B32B738A33000FA8B6 /* StorageManager.swift */ = {isa = PBXFileReference; lastKnownFileType = sourcecode.swift; path = StorageManager.swift; sourceTree = "<group>"; };
		C4F3A0052B5BC02B00B921FB /* ProfileViewController.swift */ = {isa = PBXFileReference; lastKnownFileType = sourcecode.swift; path = ProfileViewController.swift; sourceTree = "<group>"; };
		C4F3A0072B5BC04700B921FB /* WorkoutViewController.swift */ = {isa = PBXFileReference; lastKnownFileType = sourcecode.swift; path = WorkoutViewController.swift; sourceTree = "<group>"; };
		C4F3A00B2B5BC7B600B921FB /* TabController.swift */ = {isa = PBXFileReference; lastKnownFileType = sourcecode.swift; path = TabController.swift; sourceTree = "<group>"; };
		C4F3A0102B5D163100B921FB /* WorkoutViewModel.swift */ = {isa = PBXFileReference; lastKnownFileType = sourcecode.swift; path = WorkoutViewModel.swift; sourceTree = "<group>"; };
		C4F3A0122B5D164400B921FB /* WorkoutModel.swift */ = {isa = PBXFileReference; lastKnownFileType = sourcecode.swift; path = WorkoutModel.swift; sourceTree = "<group>"; };
		C4F3A0172B5D17D600B921FB /* NewRoutineViewController.swift */ = {isa = PBXFileReference; lastKnownFileType = sourcecode.swift; path = NewRoutineViewController.swift; sourceTree = "<group>"; };
		C4F3A01A2B5D316400B921FB /* ExerciseListViewController.swift */ = {isa = PBXFileReference; lastKnownFileType = sourcecode.swift; path = ExerciseListViewController.swift; sourceTree = "<group>"; };
		C4F3A01C2B5D32F900B921FB /* ExerciseListViewModel.swift */ = {isa = PBXFileReference; lastKnownFileType = sourcecode.swift; path = ExerciseListViewModel.swift; sourceTree = "<group>"; };
		C4F3A01E2B5D3D4100B921FB /* ExerciseModel.swift */ = {isa = PBXFileReference; lastKnownFileType = sourcecode.swift; path = ExerciseModel.swift; sourceTree = "<group>"; };
		C4F3A0202B5E5EFB00B921FB /* ExerciseTableViewCell.swift */ = {isa = PBXFileReference; lastKnownFileType = sourcecode.swift; path = ExerciseTableViewCell.swift; sourceTree = "<group>"; };
		C4F3A0222B5E87E800B921FB /* ExerciseDetailsViewController.swift */ = {isa = PBXFileReference; lastKnownFileType = sourcecode.swift; path = ExerciseDetailsViewController.swift; sourceTree = "<group>"; };
		C4F3A0252B5E993200B921FB /* GifLoader.swift */ = {isa = PBXFileReference; lastKnownFileType = sourcecode.swift; path = GifLoader.swift; sourceTree = "<group>"; };
		C4F3A0272B5E9F3800B921FB /* workout.gif */ = {isa = PBXFileReference; lastKnownFileType = image.gif; path = workout.gif; sourceTree = "<group>"; };
		C4F3A0292B5FC38700B921FB /* NewRoutineViewModel.swift */ = {isa = PBXFileReference; lastKnownFileType = sourcecode.swift; path = NewRoutineViewModel.swift; sourceTree = "<group>"; };
		C4F4C52E2B988BA1003E4497 /* CardManagerView.swift */ = {isa = PBXFileReference; lastKnownFileType = sourcecode.swift; path = CardManagerView.swift; sourceTree = "<group>"; };
		C4F4C5332B99E55B003E4497 /* Visa.png */ = {isa = PBXFileReference; lastKnownFileType = image.png; path = Visa.png; sourceTree = "<group>"; };
/* End PBXFileReference section */

/* Begin PBXFrameworksBuildPhase section */
		C4D4E4FF2B57F3FF000B0AE1 /* Frameworks */ = {
			isa = PBXFrameworksBuildPhase;
			buildActionMask = 2147483647;
			files = (
				C4BB27882B593B420021AE4C /* FirebaseDatabase in Frameworks */,
				C4BB27962B593B420021AE4C /* FirebaseFunctionsCombine-Community in Frameworks */,
				C4BB278E2B593B420021AE4C /* FirebaseFirestore in Frameworks */,
				C4BB277A2B593B420021AE4C /* FirebaseAnalyticsSwift in Frameworks */,
				C4BB27762B593B420021AE4C /* FirebaseAnalytics in Frameworks */,
				C4BB27782B593B420021AE4C /* FirebaseAnalyticsOnDeviceConversion in Frameworks */,
				C4BB279E2B593B420021AE4C /* FirebaseMLModelDownloader in Frameworks */,
				C4BB27922B593B420021AE4C /* FirebaseFirestoreSwift in Frameworks */,
				C4BB277E2B593B420021AE4C /* FirebaseAppCheck in Frameworks */,
				C4BB277C2B593B420021AE4C /* FirebaseAnalyticsWithoutAdIdSupport in Frameworks */,
				C4BB27822B593B420021AE4C /* FirebaseAuth in Frameworks */,
				C4BB27862B593B420021AE4C /* FirebaseCrashlytics in Frameworks */,
				C49624E12B779D50009159FD /* NetworkingPackageRapid in Frameworks */,
				C4BB27A62B593B420021AE4C /* FirebaseRemoteConfigSwift in Frameworks */,
				C4BB27982B593B420021AE4C /* FirebaseInAppMessaging-Beta in Frameworks */,
				C4BB278A2B593B420021AE4C /* FirebaseDatabaseSwift in Frameworks */,
				C4BB27942B593B420021AE4C /* FirebaseFunctions in Frameworks */,
				C4BB27AA2B593B420021AE4C /* FirebaseStorageCombine-Community in Frameworks */,
				C4BB27A42B593B420021AE4C /* FirebaseRemoteConfig in Frameworks */,
				C4BB27802B593B420021AE4C /* FirebaseAppDistribution-Beta in Frameworks */,
				C4BB27842B593B420021AE4C /* FirebaseAuthCombine-Community in Frameworks */,
				C473B0A72B6A871F00C34CC0 /* Vortex in Frameworks */,
				C4BB27A22B593B420021AE4C /* FirebasePerformance in Frameworks */,
				C4F3A00F2B5D151600B921FB /* NetworkingPackageGeneric in Frameworks */,
				C473B0A42B6A815400C34CC0 /* EffectsLibrary in Frameworks */,
				C4BB279A2B593B420021AE4C /* FirebaseInAppMessagingSwift-Beta in Frameworks */,
				C4BB27A82B593B420021AE4C /* FirebaseStorage in Frameworks */,
				C4BB278C2B593B420021AE4C /* FirebaseDynamicLinks in Frameworks */,
				C4F4C5322B988EBC003E4497 /* SplineRuntime in Frameworks */,
				C4BB27902B593B420021AE4C /* FirebaseFirestoreCombine-Community in Frameworks */,
				C4BB27A02B593B420021AE4C /* FirebaseMessaging in Frameworks */,
				C4BB279C2B593B420021AE4C /* FirebaseInstallations in Frameworks */,
			);
			runOnlyForDeploymentPostprocessing = 0;
		};
/* End PBXFrameworksBuildPhase section */

/* Begin PBXGroup section */
		C40920CF2B61514C0089F99E /* Started Routine */ = {
			isa = PBXGroup;
			children = (
				C473B0942B63BEE600C34CC0 /* Save Workout */,
				C40920D02B6151640089F99E /* StartedRoutineViewController.swift */,
				C40920D22B6179D40089F99E /* StartedWorkoutTableViewCell.swift */,
				C40920D42B6276110089F99E /* WorkoutInfoTableViewCell.swift */,
				C496251E2B7A7700009159FD /* StartedWorkoutViewModel.swift */,
			);
			path = "Started Routine";
			sourceTree = "<group>";
		};
		C40A35F82B87229000725C6B /* Routine Details */ = {
			isa = PBXGroup;
			children = (
				C40A35F42B850E5000725C6B /* RoutineInfoViewController.swift */,
				C40A35F62B852C9500725C6B /* RoutineWorkoutTableViewCell.swift */,
			);
			path = "Routine Details";
			sourceTree = "<group>";
		};
		C473B0942B63BEE600C34CC0 /* Save Workout */ = {
			isa = PBXGroup;
			children = (
				C473B0952B63BF1300C34CC0 /* SaveWorkoutViewController.swift */,
				C473B0972B63DEAD00C34CC0 /* SaveCollectionViewCell.swift */,
				C496251A2B7A7440009159FD /* SaveWorkoutLabelComponent.swift */,
				C496251C2B7A75A9009159FD /* SaveWorkoutModel.swift */,
			);
			path = "Save Workout";
			sourceTree = "<group>";
		};
		C473B0992B6667AE00C34CC0 /* Frameworks */ = {
			isa = PBXGroup;
			children = (
			);
			name = Frameworks;
			sourceTree = "<group>";
		};
		C473B09C2B6685A200C34CC0 /* Firestore */ = {
			isa = PBXGroup;
			children = (
				C473B09D2B6685BF00C34CC0 /* UserManager.swift */,
				C49625272B7A8E17009159FD /* DBUserModel.swift */,
			);
			path = Firestore;
			sourceTree = "<group>";
		};
		C473B09F2B6A715100C34CC0 /* Nice Job */ = {
			isa = PBXGroup;
			children = (
				C49625152B7A704E009159FD /* Components */,
				C473B0A02B6A717700C34CC0 /* NiceJobView.swift */,
				C49625182B7A7132009159FD /* NiceJobViewModel.swift */,
			);
			path = "Nice Job";
			sourceTree = "<group>";
		};
		C49624E22B77AE86009159FD /* Nutrition */ = {
			isa = PBXGroup;
			children = (
				C49625242B7A8B6D009159FD /* Nutrition Components */,
				C49624E32B77AEA0009159FD /* NutritionViewController.swift */,
				C49624E52B78D6CD009159FD /* NutritionViewModel.swift */,
				C49624E72B78DD4F009159FD /* NutritionModel.swift */,
			);
			path = Nutrition;
			sourceTree = "<group>";
		};
		C49624EB2B7A20B6009159FD /* Explore routines */ = {
			isa = PBXGroup;
			children = (
				C49624EC2B7A20CF009159FD /* ExploreRoutinesViewController.swift */,
				C49624EE2B7A20DE009159FD /* ExploreRoutinesViewModel.swift */,
				C49624F02B7A218B009159FD /* ExploreTableViewCell.swift */,
			);
			path = "Explore routines";
			sourceTree = "<group>";
		};
		C49624F22B7A4E45009159FD /* Firebase */ = {
			isa = PBXGroup;
			children = (
				C4E027B22B738A24000FA8B6 /* Storage */,
				C473B09C2B6685A200C34CC0 /* Firestore */,
			);
			path = Firebase;
			sourceTree = "<group>";
		};
		C49624F32B7A4EB5009159FD /* Assets */ = {
			isa = PBXGroup;
			children = (
				C4F4C5332B99E55B003E4497 /* Visa.png */,
				C4D4E50E2B57F400000B0AE1 /* Assets.xcassets */,
				C4F3A0272B5E9F3800B921FB /* workout.gif */,
			);
			path = Assets;
			sourceTree = "<group>";
		};
		C49624F42B7A4ED9009159FD /* Tab Controller */ = {
			isa = PBXGroup;
			children = (
				C4F3A00B2B5BC7B600B921FB /* TabController.swift */,
			);
			path = "Tab Controller";
			sourceTree = "<group>";
		};
		C49624F72B7A5589009159FD /* Home Components */ = {
			isa = PBXGroup;
			children = (
				C49624F82B7A55B6009159FD /* UserWorkoutInfoComponent.swift */,
				C49624FA2B7A5610009159FD /* TimeRepsWorkoutComponent.swift */,
				C49624FC2B7A5654009159FD /* ExerciseListViewComponent.swift */,
				C49624FE2B7A56A8009159FD /* WorkoutInfoComponent.swift */,
				C49625002B7A57FA009159FD /* MuscleChartViewComponent.swift */,
			);
			path = "Home Components";
			sourceTree = "<group>";
		};
		C49625062B7A5D3C009159FD /* Workout Main Page */ = {
			isa = PBXGroup;
			children = (
				C40A35F82B87229000725C6B /* Routine Details */,
				C496250C2B7A5EC3009159FD /* WorkoutPageComponents */,
				C49625072B7A5D66009159FD /* Workout Skeleton Cell */,
				C4F3A0072B5BC04700B921FB /* WorkoutViewController.swift */,
				C4F3A0102B5D163100B921FB /* WorkoutViewModel.swift */,
				C4F3A0122B5D164400B921FB /* WorkoutModel.swift */,
				C40920CA2B6030650089F99E /* WorkoutTableViewCell.swift */,
			);
			path = "Workout Main Page";
			sourceTree = "<group>";
		};
		C49625072B7A5D66009159FD /* Workout Skeleton Cell */ = {
			isa = PBXGroup;
			children = (
				C49624D92B7662C9009159FD /* WorkoutSkeletonCell.swift */,
			);
			path = "Workout Skeleton Cell";
			sourceTree = "<group>";
		};
		C49625082B7A5D84009159FD /* Animations */ = {
			isa = PBXGroup;
			children = (
				C49624DB2B7662E7009159FD /* SkeletonLoadable.swift */,
			);
			path = Animations;
			sourceTree = "<group>";
		};
		C49625092B7A5DB4009159FD /* Models */ = {
			isa = PBXGroup;
			children = (
				C496250A2B7A5DCB009159FD /* PlaceHolderModel.swift */,
			);
			path = Models;
			sourceTree = "<group>";
		};
		C496250C2B7A5EC3009159FD /* WorkoutPageComponents */ = {
			isa = PBXGroup;
			children = (
				C496250D2B7A5EDA009159FD /* WorkoutPageButtonComponent.swift */,
				C496250F2B7A614C009159FD /* WorkoutPageLabelComponent.swift */,
			);
			path = WorkoutPageComponents;
			sourceTree = "<group>";
		};
		C49625112B7A63FC009159FD /* New Routine Components */ = {
			isa = PBXGroup;
			children = (
				C49625122B7A644A009159FD /* NewRoutineTextFieldComponent.swift */,
			);
			path = "New Routine Components";
			sourceTree = "<group>";
		};
		C49625142B7A6DA8009159FD /* Exercise Skeleton Cell */ = {
			isa = PBXGroup;
			children = (
				C49624DD2B766DFB009159FD /* ExerciseSkeletonCell.swift */,
			);
			path = "Exercise Skeleton Cell";
			sourceTree = "<group>";
		};
		C49625152B7A704E009159FD /* Components */ = {
			isa = PBXGroup;
			children = (
				C49625162B7A7080009159FD /* InfoBox.swift */,
			);
			path = Components;
			sourceTree = "<group>";
		};
		C49625242B7A8B6D009159FD /* Nutrition Components */ = {
			isa = PBXGroup;
			children = (
				C49625252B7A8B8B009159FD /* NutritionLabelComponent.swift */,
			);
			path = "Nutrition Components";
			sourceTree = "<group>";
		};
		C49A20B32B90AF36005F0DCF /* Service */ = {
			isa = PBXGroup;
			children = (
				C49A20B42B90AF43005F0DCF /* UserService.swift */,
			);
			path = Service;
			sourceTree = "<group>";
		};
		C4BB27482B590CBC0021AE4C /* Fonts */ = {
			isa = PBXGroup;
			children = (
				C4BB27532B590CD80021AE4C /* Kanit-Black.ttf */,
				C4BB274B2B590CD80021AE4C /* Kanit-BlackItalic.ttf */,
				C4BB274F2B590CD80021AE4C /* Kanit-Bold.ttf */,
				C4BB27512B590CD80021AE4C /* Kanit-BoldItalic.ttf */,
				C4BB27562B590CD80021AE4C /* Kanit-ExtraBold.ttf */,
				C4BB27552B590CD80021AE4C /* Kanit-ExtraBoldItalic.ttf */,
				C4BB27492B590CD80021AE4C /* Kanit-ExtraLight.ttf */,
				C4BB274A2B590CD80021AE4C /* Kanit-ExtraLightItalic.ttf */,
				C4BB27592B590CD80021AE4C /* Kanit-Italic.ttf */,
				C4BB274C2B590CD80021AE4C /* Kanit-Light.ttf */,
				C4BB27522B590CD80021AE4C /* Kanit-LightItalic.ttf */,
				C4BB274E2B590CD80021AE4C /* Kanit-Medium.ttf */,
				C4BB27502B590CD80021AE4C /* Kanit-MediumItalic.ttf */,
				C4BB27542B590CD80021AE4C /* Kanit-Regular.ttf */,
				C4BB27572B590CD80021AE4C /* Kanit-SemiBold.ttf */,
				C4BB27582B590CD80021AE4C /* Kanit-SemiBoldItalic.ttf */,
				C4BB275A2B590CD80021AE4C /* Kanit-Thin.ttf */,
				C4BB274D2B590CD80021AE4C /* Kanit-ThinItalic.ttf */,
			);
			path = Fonts;
			sourceTree = "<group>";
		};
		C4BB27712B59159B0021AE4C /* Components */ = {
			isa = PBXGroup;
			children = (
				C4D4E52A2B583008000B0AE1 /* OnBoardingComponent.swift */,
			);
			path = Components;
			sourceTree = "<group>";
		};
		C4BB27AB2B593F110021AE4C /* Authentication */ = {
			isa = PBXGroup;
			children = (
				C4BB27BE2B5AB4080021AE4C /* AuthComponents */,
				C4BB27B32B597C6F0021AE4C /* Register */,
				C4BB27B22B597C660021AE4C /* Sign In */,
			);
			path = Authentication;
			sourceTree = "<group>";
		};
		C4BB27B22B597C660021AE4C /* Sign In */ = {
			isa = PBXGroup;
			children = (
				C4BB27AC2B594B1A0021AE4C /* SignInEmailView.swift */,
				C4BB27AE2B594B310021AE4C /* SignInEmailViewModel.swift */,
				C4BB27B02B59514A0021AE4C /* AuthenticationManager.swift */,
			);
			path = "Sign In";
			sourceTree = "<group>";
		};
		C4BB27B32B597C6F0021AE4C /* Register */ = {
			isa = PBXGroup;
			children = (
				C4BB27B62B5A85720021AE4C /* RegisterView.swift */,
				C4BB27B82B5A85D70021AE4C /* RegisterViewModel.swift */,
			);
			path = Register;
			sourceTree = "<group>";
		};
		C4BB27BA2B5A874D0021AE4C /* Navigation */ = {
			isa = PBXGroup;
			children = (
				C4BB27BB2B5A87660021AE4C /* WithRootNavigationController.swift */,
			);
			path = Navigation;
			sourceTree = "<group>";
		};
		C4BB27BE2B5AB4080021AE4C /* AuthComponents */ = {
			isa = PBXGroup;
			children = (
				C4BB27BF2B5AB8640021AE4C /* AuthButtonComponent.swift */,
				C4BB27C12B5AB89D0021AE4C /* AuthTitleComponent.swift */,
				C4BB27C32B5ABA430021AE4C /* AuthEmailFieldComponent.swift */,
				C4BB27C52B5ABA6B0021AE4C /* AuthPasswordFieldComponent.swift */,
			);
			path = AuthComponents;
			sourceTree = "<group>";
		};
		C4D4E4F92B57F3FF000B0AE1 = {
			isa = PBXGroup;
			children = (
				C4D4E5042B57F3FF000B0AE1 /* DzliEra */,
				C4D4E5032B57F3FF000B0AE1 /* Products */,
				C473B0992B6667AE00C34CC0 /* Frameworks */,
			);
			sourceTree = "<group>";
		};
		C4D4E5032B57F3FF000B0AE1 /* Products */ = {
			isa = PBXGroup;
			children = (
				C4D4E5022B57F3FF000B0AE1 /* DzliEra.app */,
			);
			name = Products;
			sourceTree = "<group>";
		};
		C4D4E5042B57F3FF000B0AE1 /* DzliEra */ = {
			isa = PBXGroup;
			children = (
				C49A20B32B90AF36005F0DCF /* Service */,
				C49625092B7A5DB4009159FD /* Models */,
				C49625082B7A5D84009159FD /* Animations */,
				C49624F42B7A4ED9009159FD /* Tab Controller */,
				C49624F22B7A4E45009159FD /* Firebase */,
				C4BB27BA2B5A874D0021AE4C /* Navigation */,
				C4BB27482B590CBC0021AE4C /* Fonts */,
				C4D4E5192B57F7DB000B0AE1 /* App */,
				C4D4E51A2B57F851000B0AE1 /* Scenes */,
				C4D4E5132B57F400000B0AE1 /* Info.plist */,
				C4BB27722B5939C60021AE4C /* GoogleService-Info.plist */,
				C4D4E51B2B57F85C000B0AE1 /* Extensions */,
				C4D4E51E2B57F99F000B0AE1 /* LaunchScreen */,
				C49624F32B7A4EB5009159FD /* Assets */,
			);
			path = DzliEra;
			sourceTree = "<group>";
		};
		C4D4E5192B57F7DB000B0AE1 /* App */ = {
			isa = PBXGroup;
			children = (
				C4D4E5052B57F3FF000B0AE1 /* AppDelegate.swift */,
				C4D4E5072B57F3FF000B0AE1 /* SceneDelegate.swift */,
			);
			path = App;
			sourceTree = "<group>";
		};
		C4D4E51A2B57F851000B0AE1 /* Scenes */ = {
			isa = PBXGroup;
			children = (
				C4F3A0022B5BBF5800B921FB /* Home */,
				C4F3A0032B5BBFBC00B921FB /* Workout */,
				C4F3A0042B5BBFC300B921FB /* Profile */,
				C4BB27AB2B593F110021AE4C /* Authentication */,
				C4D4E51F2B57FB18000B0AE1 /* OnBoarding */,
			);
			path = Scenes;
			sourceTree = "<group>";
		};
		C4D4E51B2B57F85C000B0AE1 /* Extensions */ = {
			isa = PBXGroup;
			children = (
				C4D4E51C2B57F873000B0AE1 /* ColorExtension.swift */,
				C4BB27462B5858580021AE4C /* ButtonExtension.swift */,
				C4F3A0252B5E993200B921FB /* GifLoader.swift */,
				C45D81432B961F9C00583B86 /* AlertExtension.swift */,
			);
			path = Extensions;
			sourceTree = "<group>";
		};
		C4D4E51E2B57F99F000B0AE1 /* LaunchScreen */ = {
			isa = PBXGroup;
			children = (
				C4D4E5102B57F400000B0AE1 /* LaunchScreen.storyboard */,
			);
			path = LaunchScreen;
			sourceTree = "<group>";
		};
		C4D4E51F2B57FB18000B0AE1 /* OnBoarding */ = {
			isa = PBXGroup;
			children = (
				C4BB27712B59159B0021AE4C /* Components */,
				C4D4E5262B57FC19000B0AE1 /* OnBoardingModel.swift */,
				C4D4E5282B582CCB000B0AE1 /* OnBoardingView.swift */,
				C4BB276F2B5915950021AE4C /* OnBoardingViewModel.swift */,
			);
			path = OnBoarding;
			sourceTree = "<group>";
		};
		C4E027A32B6FA1C2000FA8B6 /* PostedWorkoutView */ = {
			isa = PBXGroup;
			children = (
				C4E027A42B6FAE39000FA8B6 /* PostedWorkoutView.swift */,
				C49625022B7A5887009159FD /* PostedWorkoutInfoViewModel.swift */,
				C49625042B7A5891009159FD /* PostedWorkoutModel.swift */,
			);
			path = PostedWorkoutView;
			sourceTree = "<group>";
		};
		C4E027AB2B724885000FA8B6 /* Edit Profile */ = {
			isa = PBXGroup;
			children = (
				C4E027AC2B72489B000FA8B6 /* EditProfileView.swift */,
				C49625202B7A8514009159FD /* EditProfileViewModel.swift */,
				C49625222B7A854A009159FD /* PhotosPickerViewModel.swift */,
			);
			path = "Edit Profile";
			sourceTree = "<group>";
		};
		C4E027B22B738A24000FA8B6 /* Storage */ = {
			isa = PBXGroup;
			children = (
				C4E027B32B738A33000FA8B6 /* StorageManager.swift */,
			);
			path = Storage;
			sourceTree = "<group>";
		};
		C4F3A0022B5BBF5800B921FB /* Home */ = {
			isa = PBXGroup;
			children = (
				C49624F72B7A5589009159FD /* Home Components */,
				C4E027A32B6FA1C2000FA8B6 /* PostedWorkoutView */,
				C4E0279F2B6E77F4000FA8B6 /* HomeView.swift */,
				C4E027A12B6E7AE6000FA8B6 /* HomeModel.swift */,
				C49624F52B7A5352009159FD /* HomeSharedViewModel.swift */,
			);
			path = Home;
			sourceTree = "<group>";
		};
		C4F3A0032B5BBFBC00B921FB /* Workout */ = {
			isa = PBXGroup;
			children = (
				C49625062B7A5D3C009159FD /* Workout Main Page */,
				C49624EB2B7A20B6009159FD /* Explore routines */,
				C473B09F2B6A715100C34CC0 /* Nice Job */,
				C40920CF2B61514C0089F99E /* Started Routine */,
				C4F3A0242B5E8E9B00B921FB /* Exercise Details */,
				C4F3A0192B5D311100B921FB /* Exercise List */,
				C4F3A0142B5D178600B921FB /* New Routine */,
			);
			path = Workout;
			sourceTree = "<group>";
		};
		C4F3A0042B5BBFC300B921FB /* Profile */ = {
			isa = PBXGroup;
			children = (
				C4F4C52D2B988395003E4497 /* Card Manager */,
				C49624E22B77AE86009159FD /* Nutrition */,
				C4E027AB2B724885000FA8B6 /* Edit Profile */,
				C4F3A0052B5BC02B00B921FB /* ProfileViewController.swift */,
				C49625292B7A916E009159FD /* ProfileViewModel.swift */,
			);
			path = Profile;
			sourceTree = "<group>";
		};
		C4F3A0142B5D178600B921FB /* New Routine */ = {
			isa = PBXGroup;
			children = (
				C49625112B7A63FC009159FD /* New Routine Components */,
				C4F3A0172B5D17D600B921FB /* NewRoutineViewController.swift */,
				C4F3A0292B5FC38700B921FB /* NewRoutineViewModel.swift */,
			);
			path = "New Routine";
			sourceTree = "<group>";
		};
		C4F3A0192B5D311100B921FB /* Exercise List */ = {
			isa = PBXGroup;
			children = (
				C49625142B7A6DA8009159FD /* Exercise Skeleton Cell */,
				C4F3A01A2B5D316400B921FB /* ExerciseListViewController.swift */,
				C4F3A01C2B5D32F900B921FB /* ExerciseListViewModel.swift */,
				C4F3A01E2B5D3D4100B921FB /* ExerciseModel.swift */,
				C4F3A0202B5E5EFB00B921FB /* ExerciseTableViewCell.swift */,
			);
			path = "Exercise List";
			sourceTree = "<group>";
		};
		C4F3A0242B5E8E9B00B921FB /* Exercise Details */ = {
			isa = PBXGroup;
			children = (
				C4F3A0222B5E87E800B921FB /* ExerciseDetailsViewController.swift */,
			);
			path = "Exercise Details";
			sourceTree = "<group>";
		};
		C4F4C52D2B988395003E4497 /* Card Manager */ = {
			isa = PBXGroup;
			children = (
				C4F4C52E2B988BA1003E4497 /* CardManagerView.swift */,
			);
			path = "Card Manager";
			sourceTree = "<group>";
		};
/* End PBXGroup section */

/* Begin PBXNativeTarget section */
		C4D4E5012B57F3FF000B0AE1 /* DzliEra */ = {
			isa = PBXNativeTarget;
			buildConfigurationList = C4D4E5162B57F400000B0AE1 /* Build configuration list for PBXNativeTarget "DzliEra" */;
			buildPhases = (
				C4D4E4FE2B57F3FF000B0AE1 /* Sources */,
				C4D4E4FF2B57F3FF000B0AE1 /* Frameworks */,
				C4D4E5002B57F3FF000B0AE1 /* Resources */,
			);
			buildRules = (
			);
			dependencies = (
			);
			name = DzliEra;
			packageProductDependencies = (
				C4BB27752B593B420021AE4C /* FirebaseAnalytics */,
				C4BB27772B593B420021AE4C /* FirebaseAnalyticsOnDeviceConversion */,
				C4BB27792B593B420021AE4C /* FirebaseAnalyticsSwift */,
				C4BB277B2B593B420021AE4C /* FirebaseAnalyticsWithoutAdIdSupport */,
				C4BB277D2B593B420021AE4C /* FirebaseAppCheck */,
				C4BB277F2B593B420021AE4C /* FirebaseAppDistribution-Beta */,
				C4BB27812B593B420021AE4C /* FirebaseAuth */,
				C4BB27832B593B420021AE4C /* FirebaseAuthCombine-Community */,
				C4BB27852B593B420021AE4C /* FirebaseCrashlytics */,
				C4BB27872B593B420021AE4C /* FirebaseDatabase */,
				C4BB27892B593B420021AE4C /* FirebaseDatabaseSwift */,
				C4BB278B2B593B420021AE4C /* FirebaseDynamicLinks */,
				C4BB278D2B593B420021AE4C /* FirebaseFirestore */,
				C4BB278F2B593B420021AE4C /* FirebaseFirestoreCombine-Community */,
				C4BB27912B593B420021AE4C /* FirebaseFirestoreSwift */,
				C4BB27932B593B420021AE4C /* FirebaseFunctions */,
				C4BB27952B593B420021AE4C /* FirebaseFunctionsCombine-Community */,
				C4BB27972B593B420021AE4C /* FirebaseInAppMessaging-Beta */,
				C4BB27992B593B420021AE4C /* FirebaseInAppMessagingSwift-Beta */,
				C4BB279B2B593B420021AE4C /* FirebaseInstallations */,
				C4BB279D2B593B420021AE4C /* FirebaseMLModelDownloader */,
				C4BB279F2B593B420021AE4C /* FirebaseMessaging */,
				C4BB27A12B593B420021AE4C /* FirebasePerformance */,
				C4BB27A32B593B420021AE4C /* FirebaseRemoteConfig */,
				C4BB27A52B593B420021AE4C /* FirebaseRemoteConfigSwift */,
				C4BB27A72B593B420021AE4C /* FirebaseStorage */,
				C4BB27A92B593B420021AE4C /* FirebaseStorageCombine-Community */,
				C4F3A00E2B5D151600B921FB /* NetworkingPackageGeneric */,
				C473B0A32B6A815400C34CC0 /* EffectsLibrary */,
				C473B0A62B6A871F00C34CC0 /* Vortex */,
				C49624E02B779D50009159FD /* NetworkingPackageRapid */,
				C4F4C5312B988EBC003E4497 /* SplineRuntime */,
			);
			productName = DzliEra;
			productReference = C4D4E5022B57F3FF000B0AE1 /* DzliEra.app */;
			productType = "com.apple.product-type.application";
		};
/* End PBXNativeTarget section */

/* Begin PBXProject section */
		C4D4E4FA2B57F3FF000B0AE1 /* Project object */ = {
			isa = PBXProject;
			attributes = {
				BuildIndependentTargetsInParallel = 1;
				LastSwiftUpdateCheck = 1520;
				LastUpgradeCheck = 1520;
				TargetAttributes = {
					C4D4E5012B57F3FF000B0AE1 = {
						CreatedOnToolsVersion = 15.2;
					};
				};
			};
			buildConfigurationList = C4D4E4FD2B57F3FF000B0AE1 /* Build configuration list for PBXProject "DzliEra" */;
			compatibilityVersion = "Xcode 14.0";
			developmentRegion = en;
			hasScannedForEncodings = 0;
			knownRegions = (
				en,
				Base,
			);
			mainGroup = C4D4E4F92B57F3FF000B0AE1;
			packageReferences = (
				C4BB27742B593B420021AE4C /* XCRemoteSwiftPackageReference "firebase-ios-sdk" */,
				C4F3A00D2B5D151600B921FB /* XCRemoteSwiftPackageReference "networking-package-generic" */,
				C473B0A22B6A815300C34CC0 /* XCRemoteSwiftPackageReference "effects-library" */,
				C473B0A52B6A871F00C34CC0 /* XCRemoteSwiftPackageReference "Vortex" */,
				C49624DF2B779D50009159FD /* XCRemoteSwiftPackageReference "NetworkingPackageRapid" */,
				C4F4C5302B988EBB003E4497 /* XCRemoteSwiftPackageReference "spline-ios" */,
			);
			productRefGroup = C4D4E5032B57F3FF000B0AE1 /* Products */;
			projectDirPath = "";
			projectRoot = "";
			targets = (
				C4D4E5012B57F3FF000B0AE1 /* DzliEra */,
			);
		};
/* End PBXProject section */

/* Begin PBXResourcesBuildPhase section */
		C4D4E5002B57F3FF000B0AE1 /* Resources */ = {
			isa = PBXResourcesBuildPhase;
			buildActionMask = 2147483647;
			files = (
				C4BB27692B590CD80021AE4C /* Kanit-SemiBold.ttf in Resources */,
				C4BB27612B590CD80021AE4C /* Kanit-Bold.ttf in Resources */,
				C4BB275C2B590CD80021AE4C /* Kanit-ExtraLightItalic.ttf in Resources */,
				C4BB27672B590CD80021AE4C /* Kanit-ExtraBoldItalic.ttf in Resources */,
				C4F4C5342B99E55B003E4497 /* Visa.png in Resources */,
				C4BB27632B590CD80021AE4C /* Kanit-BoldItalic.ttf in Resources */,
				C4BB276A2B590CD80021AE4C /* Kanit-SemiBoldItalic.ttf in Resources */,
				C4BB27652B590CD80021AE4C /* Kanit-Black.ttf in Resources */,
				C4BB27642B590CD80021AE4C /* Kanit-LightItalic.ttf in Resources */,
				C4BB27602B590CD80021AE4C /* Kanit-Medium.ttf in Resources */,
				C4BB276C2B590CD80021AE4C /* Kanit-Thin.ttf in Resources */,
				C4BB275E2B590CD80021AE4C /* Kanit-Light.ttf in Resources */,
				C4BB27682B590CD80021AE4C /* Kanit-ExtraBold.ttf in Resources */,
				C4D4E5122B57F400000B0AE1 /* LaunchScreen.storyboard in Resources */,
				C4BB275F2B590CD80021AE4C /* Kanit-ThinItalic.ttf in Resources */,
				C4BB275D2B590CD80021AE4C /* Kanit-BlackItalic.ttf in Resources */,
				C4BB275B2B590CD80021AE4C /* Kanit-ExtraLight.ttf in Resources */,
				C4BB27662B590CD80021AE4C /* Kanit-Regular.ttf in Resources */,
				C4D4E50F2B57F400000B0AE1 /* Assets.xcassets in Resources */,
				C4BB276B2B590CD80021AE4C /* Kanit-Italic.ttf in Resources */,
				C4BB27622B590CD80021AE4C /* Kanit-MediumItalic.ttf in Resources */,
				C4F3A0282B5E9F3800B921FB /* workout.gif in Resources */,
				C4BB27732B5939C60021AE4C /* GoogleService-Info.plist in Resources */,
			);
			runOnlyForDeploymentPostprocessing = 0;
		};
/* End PBXResourcesBuildPhase section */

/* Begin PBXSourcesBuildPhase section */
		C4D4E4FE2B57F3FF000B0AE1 /* Sources */ = {
			isa = PBXSourcesBuildPhase;
			buildActionMask = 2147483647;
			files = (
				C4BB27472B5858580021AE4C /* ButtonExtension.swift in Sources */,
				C4F3A0132B5D164400B921FB /* WorkoutModel.swift in Sources */,
				C4D4E52B2B583008000B0AE1 /* OnBoardingComponent.swift in Sources */,
				C49625232B7A854A009159FD /* PhotosPickerViewModel.swift in Sources */,
				C49624E42B77AEA0009159FD /* NutritionViewController.swift in Sources */,
				C40920D32B6179D40089F99E /* StartedWorkoutTableViewCell.swift in Sources */,
				C496250B2B7A5DCB009159FD /* PlaceHolderModel.swift in Sources */,
				C4F3A0232B5E87E800B921FB /* ExerciseDetailsViewController.swift in Sources */,
				C4E027A02B6E77F4000FA8B6 /* HomeView.swift in Sources */,
				C473B0A12B6A717700C34CC0 /* NiceJobView.swift in Sources */,
				C40920CB2B6030650089F99E /* WorkoutTableViewCell.swift in Sources */,
				C49625052B7A5891009159FD /* PostedWorkoutModel.swift in Sources */,
				C4BB27C62B5ABA6B0021AE4C /* AuthPasswordFieldComponent.swift in Sources */,
				C49625032B7A5887009159FD /* PostedWorkoutInfoViewModel.swift in Sources */,
				C4BB27B12B59514A0021AE4C /* AuthenticationManager.swift in Sources */,
				C49625282B7A8E17009159FD /* DBUserModel.swift in Sources */,
				C49624ED2B7A20CF009159FD /* ExploreRoutinesViewController.swift in Sources */,
				C49625132B7A644A009159FD /* NewRoutineTextFieldComponent.swift in Sources */,
				C49624DE2B766DFB009159FD /* ExerciseSkeletonCell.swift in Sources */,
				C4D4E5272B57FC19000B0AE1 /* OnBoardingModel.swift in Sources */,
				C4F3A0262B5E993200B921FB /* GifLoader.swift in Sources */,
				C496251B2B7A7440009159FD /* SaveWorkoutLabelComponent.swift in Sources */,
				C496251D2B7A75A9009159FD /* SaveWorkoutModel.swift in Sources */,
				C40A35F52B850E5000725C6B /* RoutineInfoViewController.swift in Sources */,
				C49625212B7A8514009159FD /* EditProfileViewModel.swift in Sources */,
				C4BB27702B5915950021AE4C /* OnBoardingViewModel.swift in Sources */,
				C473B0962B63BF1300C34CC0 /* SaveWorkoutViewController.swift in Sources */,
				C49625172B7A7080009159FD /* InfoBox.swift in Sources */,
				C49625262B7A8B8B009159FD /* NutritionLabelComponent.swift in Sources */,
				C49624F12B7A218B009159FD /* ExploreTableViewCell.swift in Sources */,
				C4D4E51D2B57F873000B0AE1 /* ColorExtension.swift in Sources */,
				C4BB27C42B5ABA430021AE4C /* AuthEmailFieldComponent.swift in Sources */,
				C49A20B52B90AF43005F0DCF /* UserService.swift in Sources */,
				C49624E82B78DD4F009159FD /* NutritionModel.swift in Sources */,
				C4D4E5062B57F3FF000B0AE1 /* AppDelegate.swift in Sources */,
				C4E027AD2B72489B000FA8B6 /* EditProfileView.swift in Sources */,
				C4F3A01F2B5D3D4100B921FB /* ExerciseModel.swift in Sources */,
				C4F3A0062B5BC02B00B921FB /* ProfileViewController.swift in Sources */,
				C4D4E5292B582CCB000B0AE1 /* OnBoardingView.swift in Sources */,
				C4F3A02A2B5FC38700B921FB /* NewRoutineViewModel.swift in Sources */,
				C4BB27B92B5A85D70021AE4C /* RegisterViewModel.swift in Sources */,
				C473B0982B63DEAD00C34CC0 /* SaveCollectionViewCell.swift in Sources */,
				C4E027B42B738A34000FA8B6 /* StorageManager.swift in Sources */,
				C4E027A22B6E7AE6000FA8B6 /* HomeModel.swift in Sources */,
				C49624FB2B7A5610009159FD /* TimeRepsWorkoutComponent.swift in Sources */,
				C4F3A0082B5BC04700B921FB /* WorkoutViewController.swift in Sources */,
				C49624EF2B7A20DE009159FD /* ExploreRoutinesViewModel.swift in Sources */,
				C4F3A01D2B5D32F900B921FB /* ExerciseListViewModel.swift in Sources */,
				C4F4C52F2B988BA1003E4497 /* CardManagerView.swift in Sources */,
				C4BB27BC2B5A87660021AE4C /* WithRootNavigationController.swift in Sources */,
				C40920D52B6276110089F99E /* WorkoutInfoTableViewCell.swift in Sources */,
				C49625102B7A614C009159FD /* WorkoutPageLabelComponent.swift in Sources */,
				C4F3A00C2B5BC7B600B921FB /* TabController.swift in Sources */,
				C496251F2B7A7700009159FD /* StartedWorkoutViewModel.swift in Sources */,
				C4BB27C22B5AB89D0021AE4C /* AuthTitleComponent.swift in Sources */,
				C49624F62B7A5352009159FD /* HomeSharedViewModel.swift in Sources */,
				C49624DA2B7662C9009159FD /* WorkoutSkeletonCell.swift in Sources */,
				C473B09E2B6685BF00C34CC0 /* UserManager.swift in Sources */,
				C49624FF2B7A56A8009159FD /* WorkoutInfoComponent.swift in Sources */,
				C4BB27AD2B594B1A0021AE4C /* SignInEmailView.swift in Sources */,
				C496252A2B7A916E009159FD /* ProfileViewModel.swift in Sources */,
				C40A35F72B852C9500725C6B /* RoutineWorkoutTableViewCell.swift in Sources */,
				C45D81442B961F9C00583B86 /* AlertExtension.swift in Sources */,
				C49624FD2B7A5654009159FD /* ExerciseListViewComponent.swift in Sources */,
				C4E027A52B6FAE39000FA8B6 /* PostedWorkoutView.swift in Sources */,
				C4F3A0212B5E5EFB00B921FB /* ExerciseTableViewCell.swift in Sources */,
				C49625012B7A57FA009159FD /* MuscleChartViewComponent.swift in Sources */,
				C49624DC2B7662E7009159FD /* SkeletonLoadable.swift in Sources */,
				C4BB27C02B5AB8640021AE4C /* AuthButtonComponent.swift in Sources */,
				C49625192B7A7132009159FD /* NiceJobViewModel.swift in Sources */,
				C4BB27B72B5A85720021AE4C /* RegisterView.swift in Sources */,
				C49624F92B7A55B6009159FD /* UserWorkoutInfoComponent.swift in Sources */,
				C40920D12B6151640089F99E /* StartedRoutineViewController.swift in Sources */,
				C496250E2B7A5EDA009159FD /* WorkoutPageButtonComponent.swift in Sources */,
				C49624E62B78D6CD009159FD /* NutritionViewModel.swift in Sources */,
				C4F3A0112B5D163100B921FB /* WorkoutViewModel.swift in Sources */,
				C4F3A01B2B5D316400B921FB /* ExerciseListViewController.swift in Sources */,
				C4D4E5082B57F3FF000B0AE1 /* SceneDelegate.swift in Sources */,
				C4BB27AF2B594B310021AE4C /* SignInEmailViewModel.swift in Sources */,
				C4F3A0182B5D17D600B921FB /* NewRoutineViewController.swift in Sources */,
			);
			runOnlyForDeploymentPostprocessing = 0;
		};
/* End PBXSourcesBuildPhase section */

/* Begin PBXVariantGroup section */
		C4D4E5102B57F400000B0AE1 /* LaunchScreen.storyboard */ = {
			isa = PBXVariantGroup;
			children = (
				C4D4E5112B57F400000B0AE1 /* Base */,
			);
			name = LaunchScreen.storyboard;
			sourceTree = "<group>";
		};
/* End PBXVariantGroup section */

/* Begin XCBuildConfiguration section */
		C4D4E5142B57F400000B0AE1 /* Debug */ = {
			isa = XCBuildConfiguration;
			buildSettings = {
				ALWAYS_SEARCH_USER_PATHS = NO;
				ASSETCATALOG_COMPILER_GENERATE_SWIFT_ASSET_SYMBOL_EXTENSIONS = YES;
				CLANG_ANALYZER_NONNULL = YES;
				CLANG_ANALYZER_NUMBER_OBJECT_CONVERSION = YES_AGGRESSIVE;
				CLANG_CXX_LANGUAGE_STANDARD = "gnu++20";
				CLANG_ENABLE_MODULES = YES;
				CLANG_ENABLE_OBJC_ARC = YES;
				CLANG_ENABLE_OBJC_WEAK = YES;
				CLANG_WARN_BLOCK_CAPTURE_AUTORELEASING = YES;
				CLANG_WARN_BOOL_CONVERSION = YES;
				CLANG_WARN_COMMA = YES;
				CLANG_WARN_CONSTANT_CONVERSION = YES;
				CLANG_WARN_DEPRECATED_OBJC_IMPLEMENTATIONS = YES;
				CLANG_WARN_DIRECT_OBJC_ISA_USAGE = YES_ERROR;
				CLANG_WARN_DOCUMENTATION_COMMENTS = YES;
				CLANG_WARN_EMPTY_BODY = YES;
				CLANG_WARN_ENUM_CONVERSION = YES;
				CLANG_WARN_INFINITE_RECURSION = YES;
				CLANG_WARN_INT_CONVERSION = YES;
				CLANG_WARN_NON_LITERAL_NULL_CONVERSION = YES;
				CLANG_WARN_OBJC_IMPLICIT_RETAIN_SELF = YES;
				CLANG_WARN_OBJC_LITERAL_CONVERSION = YES;
				CLANG_WARN_OBJC_ROOT_CLASS = YES_ERROR;
				CLANG_WARN_QUOTED_INCLUDE_IN_FRAMEWORK_HEADER = YES;
				CLANG_WARN_RANGE_LOOP_ANALYSIS = YES;
				CLANG_WARN_STRICT_PROTOTYPES = YES;
				CLANG_WARN_SUSPICIOUS_MOVE = YES;
				CLANG_WARN_UNGUARDED_AVAILABILITY = YES_AGGRESSIVE;
				CLANG_WARN_UNREACHABLE_CODE = YES;
				CLANG_WARN__DUPLICATE_METHOD_MATCH = YES;
				COPY_PHASE_STRIP = NO;
				DEBUG_INFORMATION_FORMAT = dwarf;
				ENABLE_STRICT_OBJC_MSGSEND = YES;
				ENABLE_TESTABILITY = YES;
				ENABLE_USER_SCRIPT_SANDBOXING = YES;
				GCC_C_LANGUAGE_STANDARD = gnu17;
				GCC_DYNAMIC_NO_PIC = NO;
				GCC_NO_COMMON_BLOCKS = YES;
				GCC_OPTIMIZATION_LEVEL = 0;
				GCC_PREPROCESSOR_DEFINITIONS = (
					"DEBUG=1",
					"$(inherited)",
				);
				GCC_WARN_64_TO_32_BIT_CONVERSION = YES;
				GCC_WARN_ABOUT_RETURN_TYPE = YES_ERROR;
				GCC_WARN_UNDECLARED_SELECTOR = YES;
				GCC_WARN_UNINITIALIZED_AUTOS = YES_AGGRESSIVE;
				GCC_WARN_UNUSED_FUNCTION = YES;
				GCC_WARN_UNUSED_VARIABLE = YES;
				IPHONEOS_DEPLOYMENT_TARGET = 17.2;
				LOCALIZATION_PREFERS_STRING_CATALOGS = YES;
				MTL_ENABLE_DEBUG_INFO = INCLUDE_SOURCE;
				MTL_FAST_MATH = YES;
				ONLY_ACTIVE_ARCH = YES;
				SDKROOT = iphoneos;
				SWIFT_ACTIVE_COMPILATION_CONDITIONS = "DEBUG $(inherited)";
				SWIFT_OPTIMIZATION_LEVEL = "-Onone";
			};
			name = Debug;
		};
		C4D4E5152B57F400000B0AE1 /* Release */ = {
			isa = XCBuildConfiguration;
			buildSettings = {
				ALWAYS_SEARCH_USER_PATHS = NO;
				ASSETCATALOG_COMPILER_GENERATE_SWIFT_ASSET_SYMBOL_EXTENSIONS = YES;
				CLANG_ANALYZER_NONNULL = YES;
				CLANG_ANALYZER_NUMBER_OBJECT_CONVERSION = YES_AGGRESSIVE;
				CLANG_CXX_LANGUAGE_STANDARD = "gnu++20";
				CLANG_ENABLE_MODULES = YES;
				CLANG_ENABLE_OBJC_ARC = YES;
				CLANG_ENABLE_OBJC_WEAK = YES;
				CLANG_WARN_BLOCK_CAPTURE_AUTORELEASING = YES;
				CLANG_WARN_BOOL_CONVERSION = YES;
				CLANG_WARN_COMMA = YES;
				CLANG_WARN_CONSTANT_CONVERSION = YES;
				CLANG_WARN_DEPRECATED_OBJC_IMPLEMENTATIONS = YES;
				CLANG_WARN_DIRECT_OBJC_ISA_USAGE = YES_ERROR;
				CLANG_WARN_DOCUMENTATION_COMMENTS = YES;
				CLANG_WARN_EMPTY_BODY = YES;
				CLANG_WARN_ENUM_CONVERSION = YES;
				CLANG_WARN_INFINITE_RECURSION = YES;
				CLANG_WARN_INT_CONVERSION = YES;
				CLANG_WARN_NON_LITERAL_NULL_CONVERSION = YES;
				CLANG_WARN_OBJC_IMPLICIT_RETAIN_SELF = YES;
				CLANG_WARN_OBJC_LITERAL_CONVERSION = YES;
				CLANG_WARN_OBJC_ROOT_CLASS = YES_ERROR;
				CLANG_WARN_QUOTED_INCLUDE_IN_FRAMEWORK_HEADER = YES;
				CLANG_WARN_RANGE_LOOP_ANALYSIS = YES;
				CLANG_WARN_STRICT_PROTOTYPES = YES;
				CLANG_WARN_SUSPICIOUS_MOVE = YES;
				CLANG_WARN_UNGUARDED_AVAILABILITY = YES_AGGRESSIVE;
				CLANG_WARN_UNREACHABLE_CODE = YES;
				CLANG_WARN__DUPLICATE_METHOD_MATCH = YES;
				COPY_PHASE_STRIP = NO;
				DEBUG_INFORMATION_FORMAT = "dwarf-with-dsym";
				ENABLE_NS_ASSERTIONS = NO;
				ENABLE_STRICT_OBJC_MSGSEND = YES;
				ENABLE_USER_SCRIPT_SANDBOXING = YES;
				GCC_C_LANGUAGE_STANDARD = gnu17;
				GCC_NO_COMMON_BLOCKS = YES;
				GCC_WARN_64_TO_32_BIT_CONVERSION = YES;
				GCC_WARN_ABOUT_RETURN_TYPE = YES_ERROR;
				GCC_WARN_UNDECLARED_SELECTOR = YES;
				GCC_WARN_UNINITIALIZED_AUTOS = YES_AGGRESSIVE;
				GCC_WARN_UNUSED_FUNCTION = YES;
				GCC_WARN_UNUSED_VARIABLE = YES;
				IPHONEOS_DEPLOYMENT_TARGET = 17.2;
				LOCALIZATION_PREFERS_STRING_CATALOGS = YES;
				MTL_ENABLE_DEBUG_INFO = NO;
				MTL_FAST_MATH = YES;
				SDKROOT = iphoneos;
				SWIFT_COMPILATION_MODE = wholemodule;
				VALIDATE_PRODUCT = YES;
			};
			name = Release;
		};
		C4D4E5172B57F400000B0AE1 /* Debug */ = {
			isa = XCBuildConfiguration;
			buildSettings = {
				ASSETCATALOG_COMPILER_APPICON_NAME = AppIcon;
				ASSETCATALOG_COMPILER_GLOBAL_ACCENT_COLOR_NAME = AccentColor;
				CODE_SIGN_STYLE = Automatic;
				CURRENT_PROJECT_VERSION = 1;
				DEVELOPMENT_TEAM = X825NANUF8;
				GENERATE_INFOPLIST_FILE = YES;
				INFOPLIST_FILE = DzliEra/Info.plist;
				INFOPLIST_KEY_NSCameraUsageDescription = "Camera required for preview";
				INFOPLIST_KEY_UIApplicationSupportsIndirectInputEvents = YES;
				INFOPLIST_KEY_UILaunchStoryboardName = LaunchScreen;
				INFOPLIST_KEY_UISupportedInterfaceOrientations_iPad = "UIInterfaceOrientationPortrait UIInterfaceOrientationPortraitUpsideDown UIInterfaceOrientationLandscapeLeft UIInterfaceOrientationLandscapeRight";
				INFOPLIST_KEY_UISupportedInterfaceOrientations_iPhone = "UIInterfaceOrientationPortrait UIInterfaceOrientationLandscapeLeft UIInterfaceOrientationLandscapeRight";
				IPHONEOS_DEPLOYMENT_TARGET = 16.0;
				LD_RUNPATH_SEARCH_PATHS = (
					"$(inherited)",
					"@executable_path/Frameworks",
				);
				MARKETING_VERSION = 1.0;
				PRODUCT_BUNDLE_IDENTIFIER = test.DzliEra;
				PRODUCT_NAME = "$(TARGET_NAME)";
				SWIFT_EMIT_LOC_STRINGS = YES;
				SWIFT_VERSION = 5.0;
				TARGETED_DEVICE_FAMILY = "1,2";
			};
			name = Debug;
		};
		C4D4E5182B57F400000B0AE1 /* Release */ = {
			isa = XCBuildConfiguration;
			buildSettings = {
				ASSETCATALOG_COMPILER_APPICON_NAME = AppIcon;
				ASSETCATALOG_COMPILER_GLOBAL_ACCENT_COLOR_NAME = AccentColor;
				CODE_SIGN_STYLE = Automatic;
				CURRENT_PROJECT_VERSION = 1;
				DEVELOPMENT_TEAM = X825NANUF8;
				GENERATE_INFOPLIST_FILE = YES;
				INFOPLIST_FILE = DzliEra/Info.plist;
				INFOPLIST_KEY_NSCameraUsageDescription = "Camera required for preview";
				INFOPLIST_KEY_UIApplicationSupportsIndirectInputEvents = YES;
				INFOPLIST_KEY_UILaunchStoryboardName = LaunchScreen;
				INFOPLIST_KEY_UISupportedInterfaceOrientations_iPad = "UIInterfaceOrientationPortrait UIInterfaceOrientationPortraitUpsideDown UIInterfaceOrientationLandscapeLeft UIInterfaceOrientationLandscapeRight";
				INFOPLIST_KEY_UISupportedInterfaceOrientations_iPhone = "UIInterfaceOrientationPortrait UIInterfaceOrientationLandscapeLeft UIInterfaceOrientationLandscapeRight";
				IPHONEOS_DEPLOYMENT_TARGET = 16.0;
				LD_RUNPATH_SEARCH_PATHS = (
					"$(inherited)",
					"@executable_path/Frameworks",
				);
				MARKETING_VERSION = 1.0;
				PRODUCT_BUNDLE_IDENTIFIER = test.DzliEra;
				PRODUCT_NAME = "$(TARGET_NAME)";
				SWIFT_EMIT_LOC_STRINGS = YES;
				SWIFT_VERSION = 5.0;
				TARGETED_DEVICE_FAMILY = "1,2";
			};
			name = Release;
		};
/* End XCBuildConfiguration section */

/* Begin XCConfigurationList section */
		C4D4E4FD2B57F3FF000B0AE1 /* Build configuration list for PBXProject "DzliEra" */ = {
			isa = XCConfigurationList;
			buildConfigurations = (
				C4D4E5142B57F400000B0AE1 /* Debug */,
				C4D4E5152B57F400000B0AE1 /* Release */,
			);
			defaultConfigurationIsVisible = 0;
			defaultConfigurationName = Release;
		};
		C4D4E5162B57F400000B0AE1 /* Build configuration list for PBXNativeTarget "DzliEra" */ = {
			isa = XCConfigurationList;
			buildConfigurations = (
				C4D4E5172B57F400000B0AE1 /* Debug */,
				C4D4E5182B57F400000B0AE1 /* Release */,
			);
			defaultConfigurationIsVisible = 0;
			defaultConfigurationName = Release;
		};
/* End XCConfigurationList section */

/* Begin XCRemoteSwiftPackageReference section */
		C473B0A22B6A815300C34CC0 /* XCRemoteSwiftPackageReference "effects-library" */ = {
			isa = XCRemoteSwiftPackageReference;
			repositoryURL = "https://github.com/GetStream/effects-library";
			requirement = {
				kind = upToNextMajorVersion;
				minimumVersion = 1.0.0;
			};
		};
		C473B0A52B6A871F00C34CC0 /* XCRemoteSwiftPackageReference "Vortex" */ = {
			isa = XCRemoteSwiftPackageReference;
			repositoryURL = "https://github.com/twostraws/Vortex";
			requirement = {
				kind = upToNextMajorVersion;
				minimumVersion = 1.0.0;
			};
		};
		C49624DF2B779D50009159FD /* XCRemoteSwiftPackageReference "NetworkingPackageRapid" */ = {
			isa = XCRemoteSwiftPackageReference;
			repositoryURL = "https://github.com/levanl/NetworkingPackageRapid.git";
			requirement = {
				branch = main;
				kind = branch;
			};
		};
		C4BB27742B593B420021AE4C /* XCRemoteSwiftPackageReference "firebase-ios-sdk" */ = {
			isa = XCRemoteSwiftPackageReference;
			repositoryURL = "https://github.com/firebase/firebase-ios-sdk.git";
			requirement = {
				kind = upToNextMajorVersion;
				minimumVersion = 10.20.0;
			};
		};
		C4F3A00D2B5D151600B921FB /* XCRemoteSwiftPackageReference "networking-package-generic" */ = {
			isa = XCRemoteSwiftPackageReference;
			repositoryURL = "https://github.com/levanl/networking-package-generic.git";
			requirement = {
				branch = main;
				kind = branch;
			};
		};
		C4F4C5302B988EBB003E4497 /* XCRemoteSwiftPackageReference "spline-ios" */ = {
			isa = XCRemoteSwiftPackageReference;
			repositoryURL = "https://github.com/splinetool/spline-ios";
			requirement = {
				branch = main;
				kind = branch;
			};
		};
/* End XCRemoteSwiftPackageReference section */

/* Begin XCSwiftPackageProductDependency section */
		C473B0A32B6A815400C34CC0 /* EffectsLibrary */ = {
			isa = XCSwiftPackageProductDependency;
			package = C473B0A22B6A815300C34CC0 /* XCRemoteSwiftPackageReference "effects-library" */;
			productName = EffectsLibrary;
		};
		C473B0A62B6A871F00C34CC0 /* Vortex */ = {
			isa = XCSwiftPackageProductDependency;
			package = C473B0A52B6A871F00C34CC0 /* XCRemoteSwiftPackageReference "Vortex" */;
			productName = Vortex;
		};
		C49624E02B779D50009159FD /* NetworkingPackageRapid */ = {
			isa = XCSwiftPackageProductDependency;
			package = C49624DF2B779D50009159FD /* XCRemoteSwiftPackageReference "NetworkingPackageRapid" */;
			productName = NetworkingPackageRapid;
		};
		C4BB27752B593B420021AE4C /* FirebaseAnalytics */ = {
			isa = XCSwiftPackageProductDependency;
			package = C4BB27742B593B420021AE4C /* XCRemoteSwiftPackageReference "firebase-ios-sdk" */;
			productName = FirebaseAnalytics;
		};
		C4BB27772B593B420021AE4C /* FirebaseAnalyticsOnDeviceConversion */ = {
			isa = XCSwiftPackageProductDependency;
			package = C4BB27742B593B420021AE4C /* XCRemoteSwiftPackageReference "firebase-ios-sdk" */;
			productName = FirebaseAnalyticsOnDeviceConversion;
		};
		C4BB27792B593B420021AE4C /* FirebaseAnalyticsSwift */ = {
			isa = XCSwiftPackageProductDependency;
			package = C4BB27742B593B420021AE4C /* XCRemoteSwiftPackageReference "firebase-ios-sdk" */;
			productName = FirebaseAnalyticsSwift;
		};
		C4BB277B2B593B420021AE4C /* FirebaseAnalyticsWithoutAdIdSupport */ = {
			isa = XCSwiftPackageProductDependency;
			package = C4BB27742B593B420021AE4C /* XCRemoteSwiftPackageReference "firebase-ios-sdk" */;
			productName = FirebaseAnalyticsWithoutAdIdSupport;
		};
		C4BB277D2B593B420021AE4C /* FirebaseAppCheck */ = {
			isa = XCSwiftPackageProductDependency;
			package = C4BB27742B593B420021AE4C /* XCRemoteSwiftPackageReference "firebase-ios-sdk" */;
			productName = FirebaseAppCheck;
		};
		C4BB277F2B593B420021AE4C /* FirebaseAppDistribution-Beta */ = {
			isa = XCSwiftPackageProductDependency;
			package = C4BB27742B593B420021AE4C /* XCRemoteSwiftPackageReference "firebase-ios-sdk" */;
			productName = "FirebaseAppDistribution-Beta";
		};
		C4BB27812B593B420021AE4C /* FirebaseAuth */ = {
			isa = XCSwiftPackageProductDependency;
			package = C4BB27742B593B420021AE4C /* XCRemoteSwiftPackageReference "firebase-ios-sdk" */;
			productName = FirebaseAuth;
		};
		C4BB27832B593B420021AE4C /* FirebaseAuthCombine-Community */ = {
			isa = XCSwiftPackageProductDependency;
			package = C4BB27742B593B420021AE4C /* XCRemoteSwiftPackageReference "firebase-ios-sdk" */;
			productName = "FirebaseAuthCombine-Community";
		};
		C4BB27852B593B420021AE4C /* FirebaseCrashlytics */ = {
			isa = XCSwiftPackageProductDependency;
			package = C4BB27742B593B420021AE4C /* XCRemoteSwiftPackageReference "firebase-ios-sdk" */;
			productName = FirebaseCrashlytics;
		};
		C4BB27872B593B420021AE4C /* FirebaseDatabase */ = {
			isa = XCSwiftPackageProductDependency;
			package = C4BB27742B593B420021AE4C /* XCRemoteSwiftPackageReference "firebase-ios-sdk" */;
			productName = FirebaseDatabase;
		};
		C4BB27892B593B420021AE4C /* FirebaseDatabaseSwift */ = {
			isa = XCSwiftPackageProductDependency;
			package = C4BB27742B593B420021AE4C /* XCRemoteSwiftPackageReference "firebase-ios-sdk" */;
			productName = FirebaseDatabaseSwift;
		};
		C4BB278B2B593B420021AE4C /* FirebaseDynamicLinks */ = {
			isa = XCSwiftPackageProductDependency;
			package = C4BB27742B593B420021AE4C /* XCRemoteSwiftPackageReference "firebase-ios-sdk" */;
			productName = FirebaseDynamicLinks;
		};
		C4BB278D2B593B420021AE4C /* FirebaseFirestore */ = {
			isa = XCSwiftPackageProductDependency;
			package = C4BB27742B593B420021AE4C /* XCRemoteSwiftPackageReference "firebase-ios-sdk" */;
			productName = FirebaseFirestore;
		};
		C4BB278F2B593B420021AE4C /* FirebaseFirestoreCombine-Community */ = {
			isa = XCSwiftPackageProductDependency;
			package = C4BB27742B593B420021AE4C /* XCRemoteSwiftPackageReference "firebase-ios-sdk" */;
			productName = "FirebaseFirestoreCombine-Community";
		};
		C4BB27912B593B420021AE4C /* FirebaseFirestoreSwift */ = {
			isa = XCSwiftPackageProductDependency;
			package = C4BB27742B593B420021AE4C /* XCRemoteSwiftPackageReference "firebase-ios-sdk" */;
			productName = FirebaseFirestoreSwift;
		};
		C4BB27932B593B420021AE4C /* FirebaseFunctions */ = {
			isa = XCSwiftPackageProductDependency;
			package = C4BB27742B593B420021AE4C /* XCRemoteSwiftPackageReference "firebase-ios-sdk" */;
			productName = FirebaseFunctions;
		};
		C4BB27952B593B420021AE4C /* FirebaseFunctionsCombine-Community */ = {
			isa = XCSwiftPackageProductDependency;
			package = C4BB27742B593B420021AE4C /* XCRemoteSwiftPackageReference "firebase-ios-sdk" */;
			productName = "FirebaseFunctionsCombine-Community";
		};
		C4BB27972B593B420021AE4C /* FirebaseInAppMessaging-Beta */ = {
			isa = XCSwiftPackageProductDependency;
			package = C4BB27742B593B420021AE4C /* XCRemoteSwiftPackageReference "firebase-ios-sdk" */;
			productName = "FirebaseInAppMessaging-Beta";
		};
		C4BB27992B593B420021AE4C /* FirebaseInAppMessagingSwift-Beta */ = {
			isa = XCSwiftPackageProductDependency;
			package = C4BB27742B593B420021AE4C /* XCRemoteSwiftPackageReference "firebase-ios-sdk" */;
			productName = "FirebaseInAppMessagingSwift-Beta";
		};
		C4BB279B2B593B420021AE4C /* FirebaseInstallations */ = {
			isa = XCSwiftPackageProductDependency;
			package = C4BB27742B593B420021AE4C /* XCRemoteSwiftPackageReference "firebase-ios-sdk" */;
			productName = FirebaseInstallations;
		};
		C4BB279D2B593B420021AE4C /* FirebaseMLModelDownloader */ = {
			isa = XCSwiftPackageProductDependency;
			package = C4BB27742B593B420021AE4C /* XCRemoteSwiftPackageReference "firebase-ios-sdk" */;
			productName = FirebaseMLModelDownloader;
		};
		C4BB279F2B593B420021AE4C /* FirebaseMessaging */ = {
			isa = XCSwiftPackageProductDependency;
			package = C4BB27742B593B420021AE4C /* XCRemoteSwiftPackageReference "firebase-ios-sdk" */;
			productName = FirebaseMessaging;
		};
		C4BB27A12B593B420021AE4C /* FirebasePerformance */ = {
			isa = XCSwiftPackageProductDependency;
			package = C4BB27742B593B420021AE4C /* XCRemoteSwiftPackageReference "firebase-ios-sdk" */;
			productName = FirebasePerformance;
		};
		C4BB27A32B593B420021AE4C /* FirebaseRemoteConfig */ = {
			isa = XCSwiftPackageProductDependency;
			package = C4BB27742B593B420021AE4C /* XCRemoteSwiftPackageReference "firebase-ios-sdk" */;
			productName = FirebaseRemoteConfig;
		};
		C4BB27A52B593B420021AE4C /* FirebaseRemoteConfigSwift */ = {
			isa = XCSwiftPackageProductDependency;
			package = C4BB27742B593B420021AE4C /* XCRemoteSwiftPackageReference "firebase-ios-sdk" */;
			productName = FirebaseRemoteConfigSwift;
		};
		C4BB27A72B593B420021AE4C /* FirebaseStorage */ = {
			isa = XCSwiftPackageProductDependency;
			package = C4BB27742B593B420021AE4C /* XCRemoteSwiftPackageReference "firebase-ios-sdk" */;
			productName = FirebaseStorage;
		};
		C4BB27A92B593B420021AE4C /* FirebaseStorageCombine-Community */ = {
			isa = XCSwiftPackageProductDependency;
			package = C4BB27742B593B420021AE4C /* XCRemoteSwiftPackageReference "firebase-ios-sdk" */;
			productName = "FirebaseStorageCombine-Community";
		};
		C4F3A00E2B5D151600B921FB /* NetworkingPackageGeneric */ = {
			isa = XCSwiftPackageProductDependency;
			package = C4F3A00D2B5D151600B921FB /* XCRemoteSwiftPackageReference "networking-package-generic" */;
			productName = NetworkingPackageGeneric;
		};
		C4F4C5312B988EBC003E4497 /* SplineRuntime */ = {
			isa = XCSwiftPackageProductDependency;
			package = C4F4C5302B988EBB003E4497 /* XCRemoteSwiftPackageReference "spline-ios" */;
			productName = SplineRuntime;
		};
/* End XCSwiftPackageProductDependency section */
	};
	rootObject = C4D4E4FA2B57F3FF000B0AE1 /* Project object */;
}
